
Microsoft Visual Studio Solution File, Format Version 12.00
# Visual Studio 15
VisualStudioVersion = 15.0.28010.2026
MinimumVisualStudioVersion = 10.0.40219.1
Project("{8BC9CEB8-8B4A-11D0-8D11-00A0C91BC942}") = "Exercise 01", "Exercise 01\Exercise 01.vcxproj", "{EC732205-C9B8-402D-B172-362A09E03BAA}"
EndProject
Project("{8BC9CEB8-8B4A-11D0-8D11-00A0C91BC942}") = "fltk_test", "fltk_test\fltk_test.vcxproj", "{C007FA08-EEF8-4A17-B005-7094E1749186}"
EndProject
Project("{8BC9CEB8-8B4A-11D0-8D11-00A0C91BC942}") = "Drill 01", "Drill 01\Drill 01.vcxproj", "{11043574-1B1B-4DEF-BFAF-69F999F2BDD1}"
EndProject
Project("{8BC9CEB8-8B4A-11D0-8D11-00A0C91BC942}") = "Drill 02", "Drill 02\Drill 02.vcxproj", "{5EAC39CB-F109-4207-8BDA-2409CF838B8E}"
EndProject
Project("{8BC9CEB8-8B4A-11D0-8D11-00A0C91BC942}") = "Drill 03", "Drill 03\Drill 03.vcxproj", "{E8D94D1A-D004-4AD0-8A09-C981745F1B7B}"
EndProject
Project("{8BC9CEB8-8B4A-11D0-8D11-00A0C91BC942}") = "Exercise 02", "Exercise 02\Exercise 02.vcxproj", "{B345D012-72C4-4A02-B6C3-E7A85D75F7F9}"
EndProject
Project("{8BC9CEB8-8B4A-11D0-8D11-00A0C91BC942}") = "Exercise 03", "Exercise 03\Exercise 03.vcxproj", "{D50D3823-1001-4620-9466-D4DE558BD0B1}"
EndProject
Global
	GlobalSection(SolutionConfigurationPlatforms) = preSolution
		Debug|x64 = Debug|x64
		Debug|x86 = Debug|x86
		Release|x64 = Release|x64
		Release|x86 = Release|x86
	EndGlobalSection
	GlobalSection(ProjectConfigurationPlatforms) = postSolution
		{EC732205-C9B8-402D-B172-362A09E03BAA}.Debug|x64.ActiveCfg = Debug|x64
		{EC732205-C9B8-402D-B172-362A09E03BAA}.Debug|x64.Build.0 = Debug|x64
		{EC732205-C9B8-402D-B172-362A09E03BAA}.Debug|x86.ActiveCfg = Debug|Win32
		{EC732205-C9B8-402D-B172-362A09E03BAA}.Debug|x86.Build.0 = Debug|Win32
		{EC732205-C9B8-402D-B172-362A09E03BAA}.Release|x64.ActiveCfg = Release|x64
		{EC732205-C9B8-402D-B172-362A09E03BAA}.Release|x64.Build.0 = Release|x64
		{EC732205-C9B8-402D-B172-362A09E03BAA}.Release|x86.ActiveCfg = Release|Win32
		{EC732205-C9B8-402D-B172-362A09E03BAA}.Release|x86.Build.0 = Release|Win32
		{C007FA08-EEF8-4A17-B005-7094E1749186}.Debug|x64.ActiveCfg = Debug|x64
		{C007FA08-EEF8-4A17-B005-7094E1749186}.Debug|x64.Build.0 = Debug|x64
		{C007FA08-EEF8-4A17-B005-7094E1749186}.Debug|x86.ActiveCfg = Debug|Win32
		{C007FA08-EEF8-4A17-B005-7094E1749186}.Debug|x86.Build.0 = Debug|Win32
		{C007FA08-EEF8-4A17-B005-7094E1749186}.Release|x64.ActiveCfg = Release|x64
		{C007FA08-EEF8-4A17-B005-7094E1749186}.Release|x64.Build.0 = Release|x64
		{C007FA08-EEF8-4A17-B005-7094E1749186}.Release|x86.ActiveCfg = Release|Win32
		{C007FA08-EEF8-4A17-B005-7094E1749186}.Release|x86.Build.0 = Release|Win32
		{11043574-1B1B-4DEF-BFAF-69F999F2BDD1}.Debug|x64.ActiveCfg = Debug|x64
		{11043574-1B1B-4DEF-BFAF-69F999F2BDD1}.Debug|x64.Build.0 = Debug|x64
		{11043574-1B1B-4DEF-BFAF-69F999F2BDD1}.Debug|x86.ActiveCfg = Debug|Win32
		{11043574-1B1B-4DEF-BFAF-69F999F2BDD1}.Debug|x86.Build.0 = Debug|Win32
		{11043574-1B1B-4DEF-BFAF-69F999F2BDD1}.Release|x64.ActiveCfg = Release|x64
		{11043574-1B1B-4DEF-BFAF-69F999F2BDD1}.Release|x64.Build.0 = Release|x64
		{11043574-1B1B-4DEF-BFAF-69F999F2BDD1}.Release|x86.ActiveCfg = Release|Win32
		{11043574-1B1B-4DEF-BFAF-69F999F2BDD1}.Release|x86.Build.0 = Release|Win32
		{5EAC39CB-F109-4207-8BDA-2409CF838B8E}.Debug|x64.ActiveCfg = Debug|x64
		{5EAC39CB-F109-4207-8BDA-2409CF838B8E}.Debug|x64.Build.0 = Debug|x64
		{5EAC39CB-F109-4207-8BDA-2409CF838B8E}.Debug|x86.ActiveCfg = Debug|Win32
		{5EAC39CB-F109-4207-8BDA-2409CF838B8E}.Debug|x86.Build.0 = Debug|Win32
		{5EAC39CB-F109-4207-8BDA-2409CF838B8E}.Release|x64.ActiveCfg = Release|x64
		{5EAC39CB-F109-4207-8BDA-2409CF838B8E}.Release|x64.Build.0 = Release|x64
		{5EAC39CB-F109-4207-8BDA-2409CF838B8E}.Release|x86.ActiveCfg = Release|Win32
		{5EAC39CB-F109-4207-8BDA-2409CF838B8E}.Release|x86.Build.0 = Release|Win32
		{E8D94D1A-D004-4AD0-8A09-C981745F1B7B}.Debug|x64.ActiveCfg = Debug|x64
		{E8D94D1A-D004-4AD0-8A09-C981745F1B7B}.Debug|x64.Build.0 = Debug|x64
		{E8D94D1A-D004-4AD0-8A09-C981745F1B7B}.Debug|x86.ActiveCfg = Debug|Win32
		{E8D94D1A-D004-4AD0-8A09-C981745F1B7B}.Debug|x86.Build.0 = Debug|Win32
		{E8D94D1A-D004-4AD0-8A09-C981745F1B7B}.Release|x64.ActiveCfg = Release|x64
		{E8D94D1A-D004-4AD0-8A09-C981745F1B7B}.Release|x64.Build.0 = Release|x64
		{E8D94D1A-D004-4AD0-8A09-C981745F1B7B}.Release|x86.ActiveCfg = Release|Win32
		{E8D94D1A-D004-4AD0-8A09-C981745F1B7B}.Release|x86.Build.0 = Release|Win32
		{B345D012-72C4-4A02-B6C3-E7A85D75F7F9}.Debug|x64.ActiveCfg = Debug|x64
		{B345D012-72C4-4A02-B6C3-E7A85D75F7F9}.Debug|x64.Build.0 = Debug|x64
		{B345D012-72C4-4A02-B6C3-E7A85D75F7F9}.Debug|x86.ActiveCfg = Debug|Win32
		{B345D012-72C4-4A02-B6C3-E7A85D75F7F9}.Debug|x86.Build.0 = Debug|Win32
		{B345D012-72C4-4A02-B6C3-E7A85D75F7F9}.Release|x64.ActiveCfg = Release|x64
		{B345D012-72C4-4A02-B6C3-E7A85D75F7F9}.Release|x64.Build.0 = Release|x64
		{B345D012-72C4-4A02-B6C3-E7A85D75F7F9}.Release|x86.ActiveCfg = Release|Win32
		{B345D012-72C4-4A02-B6C3-E7A85D75F7F9}.Release|x86.Build.0 = Release|Win32
		{D50D3823-1001-4620-9466-D4DE558BD0B1}.Debug|x64.ActiveCfg = Debug|x64
		{D50D3823-1001-4620-9466-D4DE558BD0B1}.Debug|x64.Build.0 = Debug|x64
		{D50D3823-1001-4620-9466-D4DE558BD0B1}.Debug|x86.ActiveCfg = Debug|Win32
		{D50D3823-1001-4620-9466-D4DE558BD0B1}.Debug|x86.Build.0 = Debug|Win32
		{D50D3823-1001-4620-9466-D4DE558BD0B1}.Release|x64.ActiveCfg = Release|x64
		{D50D3823-1001-4620-9466-D4DE558BD0B1}.Release|x64.Build.0 = Release|x64
		{D50D3823-1001-4620-9466-D4DE558BD0B1}.Release|x86.ActiveCfg = Release|Win32
		{D50D3823-1001-4620-9466-D4DE558BD0B1}.Release|x86.Build.0 = Release|Win32
	EndGlobalSection
	GlobalSection(SolutionProperties) = preSolution
		HideSolutionNode = FALSE
	EndGlobalSection
	GlobalSection(ExtensibilityGlobals) = postSolution
		SolutionGuid = {D2B83731-05BD-4C13-8ECF-64CFCB8514A2}
	EndGlobalSection
EndGlobal
