
Microsoft Visual Studio Solution File, Format Version 12.00
# Visual Studio 15
VisualStudioVersion = 15.0.27703.2047
MinimumVisualStudioVersion = 10.0.40219.1
Project("{8BC9CEB8-8B4A-11D0-8D11-00A0C91BC942}") = "Work", "Work\Work.vcxproj", "{2BDAC556-541A-4507-9468-5573DDC3B703}"
EndProject
Project("{8BC9CEB8-8B4A-11D0-8D11-00A0C91BC942}") = "Drill 01", "Drill 01\Drill 01.vcxproj", "{6ECF7B12-24EA-4ACC-B536-F305521DF01B}"
EndProject
Project("{8BC9CEB8-8B4A-11D0-8D11-00A0C91BC942}") = "Drill 02", "Drill 02\Drill 02.vcxproj", "{4343B0A7-C186-4199-A786-0E4FD3237EC7}"
EndProject
Project("{8BC9CEB8-8B4A-11D0-8D11-00A0C91BC942}") = "Drill 03", "Drill 03\Drill 03.vcxproj", "{50AC51B6-24AF-4568-BDBD-3E93627119FE}"
EndProject
Project("{8BC9CEB8-8B4A-11D0-8D11-00A0C91BC942}") = "Drill 04", "Drill 04\Drill 04.vcxproj", "{9E0D34D8-970D-4C71-B0F2-D1D6D8C7DFDD}"
EndProject
Project("{8BC9CEB8-8B4A-11D0-8D11-00A0C91BC942}") = "Drill 05", "Drill 05\Drill 05.vcxproj", "{E6F23999-3827-4758-B57F-307C9ED65CF1}"
EndProject
Project("{8BC9CEB8-8B4A-11D0-8D11-00A0C91BC942}") = "Drill 06", "Drill 06\Drill 06.vcxproj", "{41B02761-49ED-456E-A178-C637A58ED1DB}"
EndProject
Project("{8BC9CEB8-8B4A-11D0-8D11-00A0C91BC942}") = "Drill 07", "Drill 07\Drill 07.vcxproj", "{4848DE33-E6DB-496A-A529-4970F011261F}"
EndProject
Project("{8BC9CEB8-8B4A-11D0-8D11-00A0C91BC942}") = "Exercise 01", "Exercise 01\Exercise 01.vcxproj", "{4BC0522E-5508-46E0-B315-74C750FEEC05}"
EndProject
Project("{8BC9CEB8-8B4A-11D0-8D11-00A0C91BC942}") = "Exercise 02", "Exercise 02\Exercise 02.vcxproj", "{8FD1B9FE-F081-49F7-B79A-3BFC342CE013}"
EndProject
Project("{8BC9CEB8-8B4A-11D0-8D11-00A0C91BC942}") = "Exercise 03", "Exercise 03\Exercise 03.vcxproj", "{9F55237C-AA3B-4696-8DD0-73A0A4EBE32A}"
EndProject
Project("{8BC9CEB8-8B4A-11D0-8D11-00A0C91BC942}") = "Exercise 04", "Exercise 04\Exercise 04.vcxproj", "{FA478045-3AC1-4066-9691-8FFBA07ECE00}"
EndProject
Project("{8BC9CEB8-8B4A-11D0-8D11-00A0C91BC942}") = "Exercise 05", "Exercise 05\Exercise 05.vcxproj", "{9280E21A-2AEE-4AAA-B48A-AC1A8FE35FA0}"
EndProject
Project("{8BC9CEB8-8B4A-11D0-8D11-00A0C91BC942}") = "Exercise 06", "Exercise 06\Exercise 06.vcxproj", "{30CA0A99-A918-433E-B82C-5D9ACE20CD3E}"
EndProject
Project("{8BC9CEB8-8B4A-11D0-8D11-00A0C91BC942}") = "Exercise 07", "Exercise 07\Exercise 07.vcxproj", "{60B6371B-0E20-4DE9-AA08-4D878A27A43B}"
EndProject
Project("{8BC9CEB8-8B4A-11D0-8D11-00A0C91BC942}") = "Exercise 08", "Exercise 08\Exercise 08.vcxproj", "{2C676519-7635-4DBB-A783-DF8DDF217436}"
EndProject
Project("{8BC9CEB8-8B4A-11D0-8D11-00A0C91BC942}") = "Exercise 09", "Exercise 09\Exercise 09.vcxproj", "{2E0D0BDE-6BBB-4F26-A257-A33BA493F275}"
EndProject
Global
	GlobalSection(SolutionConfigurationPlatforms) = preSolution
		Debug|x64 = Debug|x64
		Debug|x86 = Debug|x86
		Release|x64 = Release|x64
		Release|x86 = Release|x86
	EndGlobalSection
	GlobalSection(ProjectConfigurationPlatforms) = postSolution
		{2BDAC556-541A-4507-9468-5573DDC3B703}.Debug|x64.ActiveCfg = Debug|x64
		{2BDAC556-541A-4507-9468-5573DDC3B703}.Debug|x64.Build.0 = Debug|x64
		{2BDAC556-541A-4507-9468-5573DDC3B703}.Debug|x86.ActiveCfg = Debug|Win32
		{2BDAC556-541A-4507-9468-5573DDC3B703}.Debug|x86.Build.0 = Debug|Win32
		{2BDAC556-541A-4507-9468-5573DDC3B703}.Release|x64.ActiveCfg = Release|x64
		{2BDAC556-541A-4507-9468-5573DDC3B703}.Release|x64.Build.0 = Release|x64
		{2BDAC556-541A-4507-9468-5573DDC3B703}.Release|x86.ActiveCfg = Release|Win32
		{2BDAC556-541A-4507-9468-5573DDC3B703}.Release|x86.Build.0 = Release|Win32
		{6ECF7B12-24EA-4ACC-B536-F305521DF01B}.Debug|x64.ActiveCfg = Debug|x64
		{6ECF7B12-24EA-4ACC-B536-F305521DF01B}.Debug|x64.Build.0 = Debug|x64
		{6ECF7B12-24EA-4ACC-B536-F305521DF01B}.Debug|x86.ActiveCfg = Debug|Win32
		{6ECF7B12-24EA-4ACC-B536-F305521DF01B}.Debug|x86.Build.0 = Debug|Win32
		{6ECF7B12-24EA-4ACC-B536-F305521DF01B}.Release|x64.ActiveCfg = Release|x64
		{6ECF7B12-24EA-4ACC-B536-F305521DF01B}.Release|x64.Build.0 = Release|x64
		{6ECF7B12-24EA-4ACC-B536-F305521DF01B}.Release|x86.ActiveCfg = Release|Win32
		{6ECF7B12-24EA-4ACC-B536-F305521DF01B}.Release|x86.Build.0 = Release|Win32
		{4343B0A7-C186-4199-A786-0E4FD3237EC7}.Debug|x64.ActiveCfg = Debug|x64
		{4343B0A7-C186-4199-A786-0E4FD3237EC7}.Debug|x64.Build.0 = Debug|x64
		{4343B0A7-C186-4199-A786-0E4FD3237EC7}.Debug|x86.ActiveCfg = Debug|Win32
		{4343B0A7-C186-4199-A786-0E4FD3237EC7}.Debug|x86.Build.0 = Debug|Win32
		{4343B0A7-C186-4199-A786-0E4FD3237EC7}.Release|x64.ActiveCfg = Release|x64
		{4343B0A7-C186-4199-A786-0E4FD3237EC7}.Release|x64.Build.0 = Release|x64
		{4343B0A7-C186-4199-A786-0E4FD3237EC7}.Release|x86.ActiveCfg = Release|Win32
		{4343B0A7-C186-4199-A786-0E4FD3237EC7}.Release|x86.Build.0 = Release|Win32
		{50AC51B6-24AF-4568-BDBD-3E93627119FE}.Debug|x64.ActiveCfg = Debug|x64
		{50AC51B6-24AF-4568-BDBD-3E93627119FE}.Debug|x64.Build.0 = Debug|x64
		{50AC51B6-24AF-4568-BDBD-3E93627119FE}.Debug|x86.ActiveCfg = Debug|Win32
		{50AC51B6-24AF-4568-BDBD-3E93627119FE}.Debug|x86.Build.0 = Debug|Win32
		{50AC51B6-24AF-4568-BDBD-3E93627119FE}.Release|x64.ActiveCfg = Release|x64
		{50AC51B6-24AF-4568-BDBD-3E93627119FE}.Release|x64.Build.0 = Release|x64
		{50AC51B6-24AF-4568-BDBD-3E93627119FE}.Release|x86.ActiveCfg = Release|Win32
		{50AC51B6-24AF-4568-BDBD-3E93627119FE}.Release|x86.Build.0 = Release|Win32
		{9E0D34D8-970D-4C71-B0F2-D1D6D8C7DFDD}.Debug|x64.ActiveCfg = Debug|x64
		{9E0D34D8-970D-4C71-B0F2-D1D6D8C7DFDD}.Debug|x64.Build.0 = Debug|x64
		{9E0D34D8-970D-4C71-B0F2-D1D6D8C7DFDD}.Debug|x86.ActiveCfg = Debug|Win32
		{9E0D34D8-970D-4C71-B0F2-D1D6D8C7DFDD}.Debug|x86.Build.0 = Debug|Win32
		{9E0D34D8-970D-4C71-B0F2-D1D6D8C7DFDD}.Release|x64.ActiveCfg = Release|x64
		{9E0D34D8-970D-4C71-B0F2-D1D6D8C7DFDD}.Release|x64.Build.0 = Release|x64
		{9E0D34D8-970D-4C71-B0F2-D1D6D8C7DFDD}.Release|x86.ActiveCfg = Release|Win32
		{9E0D34D8-970D-4C71-B0F2-D1D6D8C7DFDD}.Release|x86.Build.0 = Release|Win32
		{E6F23999-3827-4758-B57F-307C9ED65CF1}.Debug|x64.ActiveCfg = Debug|x64
		{E6F23999-3827-4758-B57F-307C9ED65CF1}.Debug|x64.Build.0 = Debug|x64
		{E6F23999-3827-4758-B57F-307C9ED65CF1}.Debug|x86.ActiveCfg = Debug|Win32
		{E6F23999-3827-4758-B57F-307C9ED65CF1}.Debug|x86.Build.0 = Debug|Win32
		{E6F23999-3827-4758-B57F-307C9ED65CF1}.Release|x64.ActiveCfg = Release|x64
		{E6F23999-3827-4758-B57F-307C9ED65CF1}.Release|x64.Build.0 = Release|x64
		{E6F23999-3827-4758-B57F-307C9ED65CF1}.Release|x86.ActiveCfg = Release|Win32
		{E6F23999-3827-4758-B57F-307C9ED65CF1}.Release|x86.Build.0 = Release|Win32
		{41B02761-49ED-456E-A178-C637A58ED1DB}.Debug|x64.ActiveCfg = Debug|x64
		{41B02761-49ED-456E-A178-C637A58ED1DB}.Debug|x64.Build.0 = Debug|x64
		{41B02761-49ED-456E-A178-C637A58ED1DB}.Debug|x86.ActiveCfg = Debug|Win32
		{41B02761-49ED-456E-A178-C637A58ED1DB}.Debug|x86.Build.0 = Debug|Win32
		{41B02761-49ED-456E-A178-C637A58ED1DB}.Release|x64.ActiveCfg = Release|x64
		{41B02761-49ED-456E-A178-C637A58ED1DB}.Release|x64.Build.0 = Release|x64
		{41B02761-49ED-456E-A178-C637A58ED1DB}.Release|x86.ActiveCfg = Release|Win32
		{41B02761-49ED-456E-A178-C637A58ED1DB}.Release|x86.Build.0 = Release|Win32
		{4848DE33-E6DB-496A-A529-4970F011261F}.Debug|x64.ActiveCfg = Debug|x64
		{4848DE33-E6DB-496A-A529-4970F011261F}.Debug|x64.Build.0 = Debug|x64
		{4848DE33-E6DB-496A-A529-4970F011261F}.Debug|x86.ActiveCfg = Debug|Win32
		{4848DE33-E6DB-496A-A529-4970F011261F}.Debug|x86.Build.0 = Debug|Win32
		{4848DE33-E6DB-496A-A529-4970F011261F}.Release|x64.ActiveCfg = Release|x64
		{4848DE33-E6DB-496A-A529-4970F011261F}.Release|x64.Build.0 = Release|x64
		{4848DE33-E6DB-496A-A529-4970F011261F}.Release|x86.ActiveCfg = Release|Win32
		{4848DE33-E6DB-496A-A529-4970F011261F}.Release|x86.Build.0 = Release|Win32
		{4BC0522E-5508-46E0-B315-74C750FEEC05}.Debug|x64.ActiveCfg = Debug|x64
		{4BC0522E-5508-46E0-B315-74C750FEEC05}.Debug|x64.Build.0 = Debug|x64
		{4BC0522E-5508-46E0-B315-74C750FEEC05}.Debug|x86.ActiveCfg = Debug|Win32
		{4BC0522E-5508-46E0-B315-74C750FEEC05}.Debug|x86.Build.0 = Debug|Win32
		{4BC0522E-5508-46E0-B315-74C750FEEC05}.Release|x64.ActiveCfg = Release|x64
		{4BC0522E-5508-46E0-B315-74C750FEEC05}.Release|x64.Build.0 = Release|x64
		{4BC0522E-5508-46E0-B315-74C750FEEC05}.Release|x86.ActiveCfg = Release|Win32
		{4BC0522E-5508-46E0-B315-74C750FEEC05}.Release|x86.Build.0 = Release|Win32
		{8FD1B9FE-F081-49F7-B79A-3BFC342CE013}.Debug|x64.ActiveCfg = Debug|x64
		{8FD1B9FE-F081-49F7-B79A-3BFC342CE013}.Debug|x64.Build.0 = Debug|x64
		{8FD1B9FE-F081-49F7-B79A-3BFC342CE013}.Debug|x86.ActiveCfg = Debug|Win32
		{8FD1B9FE-F081-49F7-B79A-3BFC342CE013}.Debug|x86.Build.0 = Debug|Win32
		{8FD1B9FE-F081-49F7-B79A-3BFC342CE013}.Release|x64.ActiveCfg = Release|x64
		{8FD1B9FE-F081-49F7-B79A-3BFC342CE013}.Release|x64.Build.0 = Release|x64
		{8FD1B9FE-F081-49F7-B79A-3BFC342CE013}.Release|x86.ActiveCfg = Release|Win32
		{8FD1B9FE-F081-49F7-B79A-3BFC342CE013}.Release|x86.Build.0 = Release|Win32
		{9F55237C-AA3B-4696-8DD0-73A0A4EBE32A}.Debug|x64.ActiveCfg = Debug|x64
		{9F55237C-AA3B-4696-8DD0-73A0A4EBE32A}.Debug|x64.Build.0 = Debug|x64
		{9F55237C-AA3B-4696-8DD0-73A0A4EBE32A}.Debug|x86.ActiveCfg = Debug|Win32
		{9F55237C-AA3B-4696-8DD0-73A0A4EBE32A}.Debug|x86.Build.0 = Debug|Win32
		{9F55237C-AA3B-4696-8DD0-73A0A4EBE32A}.Release|x64.ActiveCfg = Release|x64
		{9F55237C-AA3B-4696-8DD0-73A0A4EBE32A}.Release|x64.Build.0 = Release|x64
		{9F55237C-AA3B-4696-8DD0-73A0A4EBE32A}.Release|x86.ActiveCfg = Release|Win32
		{9F55237C-AA3B-4696-8DD0-73A0A4EBE32A}.Release|x86.Build.0 = Release|Win32
		{FA478045-3AC1-4066-9691-8FFBA07ECE00}.Debug|x64.ActiveCfg = Debug|x64
		{FA478045-3AC1-4066-9691-8FFBA07ECE00}.Debug|x64.Build.0 = Debug|x64
		{FA478045-3AC1-4066-9691-8FFBA07ECE00}.Debug|x86.ActiveCfg = Debug|Win32
		{FA478045-3AC1-4066-9691-8FFBA07ECE00}.Debug|x86.Build.0 = Debug|Win32
		{FA478045-3AC1-4066-9691-8FFBA07ECE00}.Release|x64.ActiveCfg = Release|x64
		{FA478045-3AC1-4066-9691-8FFBA07ECE00}.Release|x64.Build.0 = Release|x64
		{FA478045-3AC1-4066-9691-8FFBA07ECE00}.Release|x86.ActiveCfg = Release|Win32
		{FA478045-3AC1-4066-9691-8FFBA07ECE00}.Release|x86.Build.0 = Release|Win32
		{9280E21A-2AEE-4AAA-B48A-AC1A8FE35FA0}.Debug|x64.ActiveCfg = Debug|x64
		{9280E21A-2AEE-4AAA-B48A-AC1A8FE35FA0}.Debug|x64.Build.0 = Debug|x64
		{9280E21A-2AEE-4AAA-B48A-AC1A8FE35FA0}.Debug|x86.ActiveCfg = Debug|Win32
		{9280E21A-2AEE-4AAA-B48A-AC1A8FE35FA0}.Debug|x86.Build.0 = Debug|Win32
		{9280E21A-2AEE-4AAA-B48A-AC1A8FE35FA0}.Release|x64.ActiveCfg = Release|x64
		{9280E21A-2AEE-4AAA-B48A-AC1A8FE35FA0}.Release|x64.Build.0 = Release|x64
		{9280E21A-2AEE-4AAA-B48A-AC1A8FE35FA0}.Release|x86.ActiveCfg = Release|Win32
		{9280E21A-2AEE-4AAA-B48A-AC1A8FE35FA0}.Release|x86.Build.0 = Release|Win32
		{30CA0A99-A918-433E-B82C-5D9ACE20CD3E}.Debug|x64.ActiveCfg = Debug|x64
		{30CA0A99-A918-433E-B82C-5D9ACE20CD3E}.Debug|x64.Build.0 = Debug|x64
		{30CA0A99-A918-433E-B82C-5D9ACE20CD3E}.Debug|x86.ActiveCfg = Debug|Win32
		{30CA0A99-A918-433E-B82C-5D9ACE20CD3E}.Debug|x86.Build.0 = Debug|Win32
		{30CA0A99-A918-433E-B82C-5D9ACE20CD3E}.Release|x64.ActiveCfg = Release|x64
		{30CA0A99-A918-433E-B82C-5D9ACE20CD3E}.Release|x64.Build.0 = Release|x64
		{30CA0A99-A918-433E-B82C-5D9ACE20CD3E}.Release|x86.ActiveCfg = Release|Win32
		{30CA0A99-A918-433E-B82C-5D9ACE20CD3E}.Release|x86.Build.0 = Release|Win32
		{60B6371B-0E20-4DE9-AA08-4D878A27A43B}.Debug|x64.ActiveCfg = Debug|x64
		{60B6371B-0E20-4DE9-AA08-4D878A27A43B}.Debug|x64.Build.0 = Debug|x64
		{60B6371B-0E20-4DE9-AA08-4D878A27A43B}.Debug|x86.ActiveCfg = Debug|Win32
		{60B6371B-0E20-4DE9-AA08-4D878A27A43B}.Debug|x86.Build.0 = Debug|Win32
		{60B6371B-0E20-4DE9-AA08-4D878A27A43B}.Release|x64.ActiveCfg = Release|x64
		{60B6371B-0E20-4DE9-AA08-4D878A27A43B}.Release|x64.Build.0 = Release|x64
		{60B6371B-0E20-4DE9-AA08-4D878A27A43B}.Release|x86.ActiveCfg = Release|Win32
		{60B6371B-0E20-4DE9-AA08-4D878A27A43B}.Release|x86.Build.0 = Release|Win32
		{2C676519-7635-4DBB-A783-DF8DDF217436}.Debug|x64.ActiveCfg = Debug|x64
		{2C676519-7635-4DBB-A783-DF8DDF217436}.Debug|x64.Build.0 = Debug|x64
		{2C676519-7635-4DBB-A783-DF8DDF217436}.Debug|x86.ActiveCfg = Debug|Win32
		{2C676519-7635-4DBB-A783-DF8DDF217436}.Debug|x86.Build.0 = Debug|Win32
		{2C676519-7635-4DBB-A783-DF8DDF217436}.Release|x64.ActiveCfg = Release|x64
		{2C676519-7635-4DBB-A783-DF8DDF217436}.Release|x64.Build.0 = Release|x64
		{2C676519-7635-4DBB-A783-DF8DDF217436}.Release|x86.ActiveCfg = Release|Win32
		{2C676519-7635-4DBB-A783-DF8DDF217436}.Release|x86.Build.0 = Release|Win32
		{2E0D0BDE-6BBB-4F26-A257-A33BA493F275}.Debug|x64.ActiveCfg = Debug|x64
		{2E0D0BDE-6BBB-4F26-A257-A33BA493F275}.Debug|x64.Build.0 = Debug|x64
		{2E0D0BDE-6BBB-4F26-A257-A33BA493F275}.Debug|x86.ActiveCfg = Debug|Win32
		{2E0D0BDE-6BBB-4F26-A257-A33BA493F275}.Debug|x86.Build.0 = Debug|Win32
		{2E0D0BDE-6BBB-4F26-A257-A33BA493F275}.Release|x64.ActiveCfg = Release|x64
		{2E0D0BDE-6BBB-4F26-A257-A33BA493F275}.Release|x64.Build.0 = Release|x64
		{2E0D0BDE-6BBB-4F26-A257-A33BA493F275}.Release|x86.ActiveCfg = Release|Win32
		{2E0D0BDE-6BBB-4F26-A257-A33BA493F275}.Release|x86.Build.0 = Release|Win32
	EndGlobalSection
	GlobalSection(SolutionProperties) = preSolution
		HideSolutionNode = FALSE
	EndGlobalSection
	GlobalSection(ExtensibilityGlobals) = postSolution
		SolutionGuid = {F89CCF22-C730-49B9-AA07-1527AD43FDF1}
	EndGlobalSection
EndGlobal
