
Microsoft Visual Studio Solution File, Format Version 12.00
# Visual Studio 15
VisualStudioVersion = 15.0.27703.2047
MinimumVisualStudioVersion = 10.0.40219.1
Project("{8BC9CEB8-8B4A-11D0-8D11-00A0C91BC942}") = "Work", "Work\Work.vcxproj", "{2BDAC556-541A-4507-9468-5573DDC3B703}"
EndProject
Project("{8BC9CEB8-8B4A-11D0-8D11-00A0C91BC942}") = "Drill 01", "Drill 01\Drill 01.vcxproj", "{6ECF7B12-24EA-4ACC-B536-F305521DF01B}"
EndProject
Project("{8BC9CEB8-8B4A-11D0-8D11-00A0C91BC942}") = "Drill 02", "Drill 02\Drill 02.vcxproj", "{4343B0A7-C186-4199-A786-0E4FD3237EC7}"
EndProject
Global
	GlobalSection(SolutionConfigurationPlatforms) = preSolution
		Debug|x64 = Debug|x64
		Debug|x86 = Debug|x86
		Release|x64 = Release|x64
		Release|x86 = Release|x86
	EndGlobalSection
	GlobalSection(ProjectConfigurationPlatforms) = postSolution
		{2BDAC556-541A-4507-9468-5573DDC3B703}.Debug|x64.ActiveCfg = Debug|x64
		{2BDAC556-541A-4507-9468-5573DDC3B703}.Debug|x64.Build.0 = Debug|x64
		{2BDAC556-541A-4507-9468-5573DDC3B703}.Debug|x86.ActiveCfg = Debug|Win32
		{2BDAC556-541A-4507-9468-5573DDC3B703}.Debug|x86.Build.0 = Debug|Win32
		{2BDAC556-541A-4507-9468-5573DDC3B703}.Release|x64.ActiveCfg = Release|x64
		{2BDAC556-541A-4507-9468-5573DDC3B703}.Release|x64.Build.0 = Release|x64
		{2BDAC556-541A-4507-9468-5573DDC3B703}.Release|x86.ActiveCfg = Release|Win32
		{2BDAC556-541A-4507-9468-5573DDC3B703}.Release|x86.Build.0 = Release|Win32
		{6ECF7B12-24EA-4ACC-B536-F305521DF01B}.Debug|x64.ActiveCfg = Debug|x64
		{6ECF7B12-24EA-4ACC-B536-F305521DF01B}.Debug|x64.Build.0 = Debug|x64
		{6ECF7B12-24EA-4ACC-B536-F305521DF01B}.Debug|x86.ActiveCfg = Debug|Win32
		{6ECF7B12-24EA-4ACC-B536-F305521DF01B}.Debug|x86.Build.0 = Debug|Win32
		{6ECF7B12-24EA-4ACC-B536-F305521DF01B}.Release|x64.ActiveCfg = Release|x64
		{6ECF7B12-24EA-4ACC-B536-F305521DF01B}.Release|x64.Build.0 = Release|x64
		{6ECF7B12-24EA-4ACC-B536-F305521DF01B}.Release|x86.ActiveCfg = Release|Win32
		{6ECF7B12-24EA-4ACC-B536-F305521DF01B}.Release|x86.Build.0 = Release|Win32
		{4343B0A7-C186-4199-A786-0E4FD3237EC7}.Debug|x64.ActiveCfg = Debug|x64
		{4343B0A7-C186-4199-A786-0E4FD3237EC7}.Debug|x64.Build.0 = Debug|x64
		{4343B0A7-C186-4199-A786-0E4FD3237EC7}.Debug|x86.ActiveCfg = Debug|Win32
		{4343B0A7-C186-4199-A786-0E4FD3237EC7}.Debug|x86.Build.0 = Debug|Win32
		{4343B0A7-C186-4199-A786-0E4FD3237EC7}.Release|x64.ActiveCfg = Release|x64
		{4343B0A7-C186-4199-A786-0E4FD3237EC7}.Release|x64.Build.0 = Release|x64
		{4343B0A7-C186-4199-A786-0E4FD3237EC7}.Release|x86.ActiveCfg = Release|Win32
		{4343B0A7-C186-4199-A786-0E4FD3237EC7}.Release|x86.Build.0 = Release|Win32
	EndGlobalSection
	GlobalSection(SolutionProperties) = preSolution
		HideSolutionNode = FALSE
	EndGlobalSection
	GlobalSection(ExtensibilityGlobals) = postSolution
		SolutionGuid = {F89CCF22-C730-49B9-AA07-1527AD43FDF1}
	EndGlobalSection
EndGlobal
