
Microsoft Visual Studio Solution File, Format Version 12.00
# Visual Studio 15
VisualStudioVersion = 15.0.27130.2036
MinimumVisualStudioVersion = 10.0.40219.1
Project("{8BC9CEB8-8B4A-11D0-8D11-00A0C91BC942}") = "Drill", "Drill\Drill.vcxproj", "{A13F3722-0042-4CE1-B07E-233C66F63B6D}"
EndProject
Project("{8BC9CEB8-8B4A-11D0-8D11-00A0C91BC942}") = "Exercise 01", "Exercise 1\Exercise 1.vcxproj", "{F6EA45EF-038C-448E-9995-F8687FBB748D}"
EndProject
Project("{8BC9CEB8-8B4A-11D0-8D11-00A0C91BC942}") = "Exercise 02", "Exercise 02\Exercise 02.vcxproj", "{8B249C06-381A-4D2B-BDC2-378D34B7834A}"
EndProject
Project("{8BC9CEB8-8B4A-11D0-8D11-00A0C91BC942}") = "Exercise 03", "Exercise 03\Exercise 03.vcxproj", "{CA3DCB43-79ED-492F-90E7-9D33D89A8F20}"
EndProject
Project("{8BC9CEB8-8B4A-11D0-8D11-00A0C91BC942}") = "Exercise 04", "Exercise 04\Exercise 04.vcxproj", "{68670D7A-FB99-437F-B34C-090B8D1BD5F2}"
EndProject
Project("{8BC9CEB8-8B4A-11D0-8D11-00A0C91BC942}") = "Exercise 05", "Exercise 05\Exercise 05.vcxproj", "{E0C57844-A5A3-46F0-876F-827589BAAFE9}"
EndProject
Project("{8BC9CEB8-8B4A-11D0-8D11-00A0C91BC942}") = "Exercise 06", "Exercise 06\Exercise 06.vcxproj", "{003CB9D6-052D-473E-9355-C59FE119C5EB}"
EndProject
Project("{8BC9CEB8-8B4A-11D0-8D11-00A0C91BC942}") = "Exercise 07", "Exercise 07\Exercise 07.vcxproj", "{B4DE1DAD-DE1E-45FE-9CF2-722E09DA66D1}"
EndProject
Global
	GlobalSection(SolutionConfigurationPlatforms) = preSolution
		Debug|x64 = Debug|x64
		Debug|x86 = Debug|x86
		Release|x64 = Release|x64
		Release|x86 = Release|x86
	EndGlobalSection
	GlobalSection(ProjectConfigurationPlatforms) = postSolution
		{A13F3722-0042-4CE1-B07E-233C66F63B6D}.Debug|x64.ActiveCfg = Debug|x64
		{A13F3722-0042-4CE1-B07E-233C66F63B6D}.Debug|x64.Build.0 = Debug|x64
		{A13F3722-0042-4CE1-B07E-233C66F63B6D}.Debug|x86.ActiveCfg = Debug|Win32
		{A13F3722-0042-4CE1-B07E-233C66F63B6D}.Debug|x86.Build.0 = Debug|Win32
		{A13F3722-0042-4CE1-B07E-233C66F63B6D}.Release|x64.ActiveCfg = Release|x64
		{A13F3722-0042-4CE1-B07E-233C66F63B6D}.Release|x64.Build.0 = Release|x64
		{A13F3722-0042-4CE1-B07E-233C66F63B6D}.Release|x86.ActiveCfg = Release|Win32
		{A13F3722-0042-4CE1-B07E-233C66F63B6D}.Release|x86.Build.0 = Release|Win32
		{F6EA45EF-038C-448E-9995-F8687FBB748D}.Debug|x64.ActiveCfg = Debug|x64
		{F6EA45EF-038C-448E-9995-F8687FBB748D}.Debug|x64.Build.0 = Debug|x64
		{F6EA45EF-038C-448E-9995-F8687FBB748D}.Debug|x86.ActiveCfg = Debug|Win32
		{F6EA45EF-038C-448E-9995-F8687FBB748D}.Debug|x86.Build.0 = Debug|Win32
		{F6EA45EF-038C-448E-9995-F8687FBB748D}.Release|x64.ActiveCfg = Release|x64
		{F6EA45EF-038C-448E-9995-F8687FBB748D}.Release|x64.Build.0 = Release|x64
		{F6EA45EF-038C-448E-9995-F8687FBB748D}.Release|x86.ActiveCfg = Release|Win32
		{F6EA45EF-038C-448E-9995-F8687FBB748D}.Release|x86.Build.0 = Release|Win32
		{8B249C06-381A-4D2B-BDC2-378D34B7834A}.Debug|x64.ActiveCfg = Debug|x64
		{8B249C06-381A-4D2B-BDC2-378D34B7834A}.Debug|x64.Build.0 = Debug|x64
		{8B249C06-381A-4D2B-BDC2-378D34B7834A}.Debug|x86.ActiveCfg = Debug|Win32
		{8B249C06-381A-4D2B-BDC2-378D34B7834A}.Debug|x86.Build.0 = Debug|Win32
		{8B249C06-381A-4D2B-BDC2-378D34B7834A}.Release|x64.ActiveCfg = Release|x64
		{8B249C06-381A-4D2B-BDC2-378D34B7834A}.Release|x64.Build.0 = Release|x64
		{8B249C06-381A-4D2B-BDC2-378D34B7834A}.Release|x86.ActiveCfg = Release|Win32
		{8B249C06-381A-4D2B-BDC2-378D34B7834A}.Release|x86.Build.0 = Release|Win32
		{CA3DCB43-79ED-492F-90E7-9D33D89A8F20}.Debug|x64.ActiveCfg = Debug|x64
		{CA3DCB43-79ED-492F-90E7-9D33D89A8F20}.Debug|x64.Build.0 = Debug|x64
		{CA3DCB43-79ED-492F-90E7-9D33D89A8F20}.Debug|x86.ActiveCfg = Debug|Win32
		{CA3DCB43-79ED-492F-90E7-9D33D89A8F20}.Debug|x86.Build.0 = Debug|Win32
		{CA3DCB43-79ED-492F-90E7-9D33D89A8F20}.Release|x64.ActiveCfg = Release|x64
		{CA3DCB43-79ED-492F-90E7-9D33D89A8F20}.Release|x64.Build.0 = Release|x64
		{CA3DCB43-79ED-492F-90E7-9D33D89A8F20}.Release|x86.ActiveCfg = Release|Win32
		{CA3DCB43-79ED-492F-90E7-9D33D89A8F20}.Release|x86.Build.0 = Release|Win32
		{68670D7A-FB99-437F-B34C-090B8D1BD5F2}.Debug|x64.ActiveCfg = Debug|x64
		{68670D7A-FB99-437F-B34C-090B8D1BD5F2}.Debug|x64.Build.0 = Debug|x64
		{68670D7A-FB99-437F-B34C-090B8D1BD5F2}.Debug|x86.ActiveCfg = Debug|Win32
		{68670D7A-FB99-437F-B34C-090B8D1BD5F2}.Debug|x86.Build.0 = Debug|Win32
		{68670D7A-FB99-437F-B34C-090B8D1BD5F2}.Release|x64.ActiveCfg = Release|x64
		{68670D7A-FB99-437F-B34C-090B8D1BD5F2}.Release|x64.Build.0 = Release|x64
		{68670D7A-FB99-437F-B34C-090B8D1BD5F2}.Release|x86.ActiveCfg = Release|Win32
		{68670D7A-FB99-437F-B34C-090B8D1BD5F2}.Release|x86.Build.0 = Release|Win32
		{E0C57844-A5A3-46F0-876F-827589BAAFE9}.Debug|x64.ActiveCfg = Debug|x64
		{E0C57844-A5A3-46F0-876F-827589BAAFE9}.Debug|x64.Build.0 = Debug|x64
		{E0C57844-A5A3-46F0-876F-827589BAAFE9}.Debug|x86.ActiveCfg = Debug|Win32
		{E0C57844-A5A3-46F0-876F-827589BAAFE9}.Debug|x86.Build.0 = Debug|Win32
		{E0C57844-A5A3-46F0-876F-827589BAAFE9}.Release|x64.ActiveCfg = Release|x64
		{E0C57844-A5A3-46F0-876F-827589BAAFE9}.Release|x64.Build.0 = Release|x64
		{E0C57844-A5A3-46F0-876F-827589BAAFE9}.Release|x86.ActiveCfg = Release|Win32
		{E0C57844-A5A3-46F0-876F-827589BAAFE9}.Release|x86.Build.0 = Release|Win32
		{003CB9D6-052D-473E-9355-C59FE119C5EB}.Debug|x64.ActiveCfg = Debug|x64
		{003CB9D6-052D-473E-9355-C59FE119C5EB}.Debug|x64.Build.0 = Debug|x64
		{003CB9D6-052D-473E-9355-C59FE119C5EB}.Debug|x86.ActiveCfg = Debug|Win32
		{003CB9D6-052D-473E-9355-C59FE119C5EB}.Debug|x86.Build.0 = Debug|Win32
		{003CB9D6-052D-473E-9355-C59FE119C5EB}.Release|x64.ActiveCfg = Release|x64
		{003CB9D6-052D-473E-9355-C59FE119C5EB}.Release|x64.Build.0 = Release|x64
		{003CB9D6-052D-473E-9355-C59FE119C5EB}.Release|x86.ActiveCfg = Release|Win32
		{003CB9D6-052D-473E-9355-C59FE119C5EB}.Release|x86.Build.0 = Release|Win32
		{B4DE1DAD-DE1E-45FE-9CF2-722E09DA66D1}.Debug|x64.ActiveCfg = Debug|x64
		{B4DE1DAD-DE1E-45FE-9CF2-722E09DA66D1}.Debug|x64.Build.0 = Debug|x64
		{B4DE1DAD-DE1E-45FE-9CF2-722E09DA66D1}.Debug|x86.ActiveCfg = Debug|Win32
		{B4DE1DAD-DE1E-45FE-9CF2-722E09DA66D1}.Debug|x86.Build.0 = Debug|Win32
		{B4DE1DAD-DE1E-45FE-9CF2-722E09DA66D1}.Release|x64.ActiveCfg = Release|x64
		{B4DE1DAD-DE1E-45FE-9CF2-722E09DA66D1}.Release|x64.Build.0 = Release|x64
		{B4DE1DAD-DE1E-45FE-9CF2-722E09DA66D1}.Release|x86.ActiveCfg = Release|Win32
		{B4DE1DAD-DE1E-45FE-9CF2-722E09DA66D1}.Release|x86.Build.0 = Release|Win32
	EndGlobalSection
	GlobalSection(SolutionProperties) = preSolution
		HideSolutionNode = FALSE
	EndGlobalSection
	GlobalSection(ExtensibilityGlobals) = postSolution
		SolutionGuid = {E0EC20B9-1CAC-403E-BFF8-DD0DF141105C}
	EndGlobalSection
EndGlobal
