
Microsoft Visual Studio Solution File, Format Version 12.00
# Visual Studio 15
VisualStudioVersion = 15.0.27703.2042
MinimumVisualStudioVersion = 10.0.40219.1
Project("{8BC9CEB8-8B4A-11D0-8D11-00A0C91BC942}") = "Drill 01", "Drill 01\Drill 01.vcxproj", "{49D7597B-E371-44D2-85B4-F1E365E0186F}"
EndProject
Project("{8BC9CEB8-8B4A-11D0-8D11-00A0C91BC942}") = "Drill 02", "Drill 02\Drill 02.vcxproj", "{95AFD224-0E32-48B3-8AAD-3D36E2BB87A4}"
EndProject
Project("{8BC9CEB8-8B4A-11D0-8D11-00A0C91BC942}") = "Drill 03", "Drill 03\Drill 03.vcxproj", "{46F1FB7B-8233-478D-9CA2-5EB8529C4C02}"
EndProject
Project("{8BC9CEB8-8B4A-11D0-8D11-00A0C91BC942}") = "Drill 04", "Drill 04\Drill 04.vcxproj", "{7C863206-7BC6-44D3-9EC6-C755BC20B2F2}"
EndProject
Project("{8BC9CEB8-8B4A-11D0-8D11-00A0C91BC942}") = "Drill 05", "Drill 05\Drill 05.vcxproj", "{1BB19600-E32F-431F-B498-22EA77D34AD7}"
EndProject
Project("{8BC9CEB8-8B4A-11D0-8D11-00A0C91BC942}") = "Exercise 02", "Exercise 02\Exercise 02.vcxproj", "{E29C8286-C205-4020-91AD-0537D3A2AE87}"
EndProject
Project("{8BC9CEB8-8B4A-11D0-8D11-00A0C91BC942}") = "Exercise 03", "Exercise 03\Exercise 03.vcxproj", "{2CBE4A07-2532-43AA-BD50-E9F83BAC6BDE}"
EndProject
Project("{8BC9CEB8-8B4A-11D0-8D11-00A0C91BC942}") = "Exercise 04", "Exercise 04\Exercise 04.vcxproj", "{70AFD6BD-DB00-4892-944F-63756A24913B}"
EndProject
Project("{8BC9CEB8-8B4A-11D0-8D11-00A0C91BC942}") = "Exercise 05", "Exercise 05\Exercise 05.vcxproj", "{BE25DDDE-B898-4722-99F2-995C6AAAD56B}"
EndProject
Project("{8BC9CEB8-8B4A-11D0-8D11-00A0C91BC942}") = "Exercise 06", "Exercise 06\Exercise 06.vcxproj", "{4B87D66A-5DC9-4463-A823-1E56956A4939}"
EndProject
Project("{8BC9CEB8-8B4A-11D0-8D11-00A0C91BC942}") = "Exercise 07", "Exercise 07\Exercise 07.vcxproj", "{DE840B79-DDA9-4376-9207-B0A322597625}"
EndProject
Project("{8BC9CEB8-8B4A-11D0-8D11-00A0C91BC942}") = "Exercise 08", "Exercise 08\Exercise 08.vcxproj", "{8D2DB9EF-4140-4CA8-BC21-C15C89E163CD}"
EndProject
Project("{8BC9CEB8-8B4A-11D0-8D11-00A0C91BC942}") = "Exercise 09", "Exercise 09\Exercise 09.vcxproj", "{CC0DD107-85F7-4A55-9D43-C65FF73662EB}"
EndProject
Project("{8BC9CEB8-8B4A-11D0-8D11-00A0C91BC942}") = "Exercise 10", "Exercise 10\Exercise 10.vcxproj", "{C0939B1A-0F49-4076-9814-608F312CC76E}"
EndProject
Global
	GlobalSection(SolutionConfigurationPlatforms) = preSolution
		Debug|x64 = Debug|x64
		Debug|x86 = Debug|x86
		Release|x64 = Release|x64
		Release|x86 = Release|x86
	EndGlobalSection
	GlobalSection(ProjectConfigurationPlatforms) = postSolution
		{49D7597B-E371-44D2-85B4-F1E365E0186F}.Debug|x64.ActiveCfg = Debug|x64
		{49D7597B-E371-44D2-85B4-F1E365E0186F}.Debug|x64.Build.0 = Debug|x64
		{49D7597B-E371-44D2-85B4-F1E365E0186F}.Debug|x86.ActiveCfg = Debug|Win32
		{49D7597B-E371-44D2-85B4-F1E365E0186F}.Debug|x86.Build.0 = Debug|Win32
		{49D7597B-E371-44D2-85B4-F1E365E0186F}.Release|x64.ActiveCfg = Release|x64
		{49D7597B-E371-44D2-85B4-F1E365E0186F}.Release|x64.Build.0 = Release|x64
		{49D7597B-E371-44D2-85B4-F1E365E0186F}.Release|x86.ActiveCfg = Release|Win32
		{49D7597B-E371-44D2-85B4-F1E365E0186F}.Release|x86.Build.0 = Release|Win32
		{95AFD224-0E32-48B3-8AAD-3D36E2BB87A4}.Debug|x64.ActiveCfg = Debug|x64
		{95AFD224-0E32-48B3-8AAD-3D36E2BB87A4}.Debug|x64.Build.0 = Debug|x64
		{95AFD224-0E32-48B3-8AAD-3D36E2BB87A4}.Debug|x86.ActiveCfg = Debug|Win32
		{95AFD224-0E32-48B3-8AAD-3D36E2BB87A4}.Debug|x86.Build.0 = Debug|Win32
		{95AFD224-0E32-48B3-8AAD-3D36E2BB87A4}.Release|x64.ActiveCfg = Release|x64
		{95AFD224-0E32-48B3-8AAD-3D36E2BB87A4}.Release|x64.Build.0 = Release|x64
		{95AFD224-0E32-48B3-8AAD-3D36E2BB87A4}.Release|x86.ActiveCfg = Release|Win32
		{95AFD224-0E32-48B3-8AAD-3D36E2BB87A4}.Release|x86.Build.0 = Release|Win32
		{46F1FB7B-8233-478D-9CA2-5EB8529C4C02}.Debug|x64.ActiveCfg = Debug|x64
		{46F1FB7B-8233-478D-9CA2-5EB8529C4C02}.Debug|x64.Build.0 = Debug|x64
		{46F1FB7B-8233-478D-9CA2-5EB8529C4C02}.Debug|x86.ActiveCfg = Debug|Win32
		{46F1FB7B-8233-478D-9CA2-5EB8529C4C02}.Debug|x86.Build.0 = Debug|Win32
		{46F1FB7B-8233-478D-9CA2-5EB8529C4C02}.Release|x64.ActiveCfg = Release|x64
		{46F1FB7B-8233-478D-9CA2-5EB8529C4C02}.Release|x64.Build.0 = Release|x64
		{46F1FB7B-8233-478D-9CA2-5EB8529C4C02}.Release|x86.ActiveCfg = Release|Win32
		{46F1FB7B-8233-478D-9CA2-5EB8529C4C02}.Release|x86.Build.0 = Release|Win32
		{7C863206-7BC6-44D3-9EC6-C755BC20B2F2}.Debug|x64.ActiveCfg = Debug|x64
		{7C863206-7BC6-44D3-9EC6-C755BC20B2F2}.Debug|x64.Build.0 = Debug|x64
		{7C863206-7BC6-44D3-9EC6-C755BC20B2F2}.Debug|x86.ActiveCfg = Debug|Win32
		{7C863206-7BC6-44D3-9EC6-C755BC20B2F2}.Debug|x86.Build.0 = Debug|Win32
		{7C863206-7BC6-44D3-9EC6-C755BC20B2F2}.Release|x64.ActiveCfg = Release|x64
		{7C863206-7BC6-44D3-9EC6-C755BC20B2F2}.Release|x64.Build.0 = Release|x64
		{7C863206-7BC6-44D3-9EC6-C755BC20B2F2}.Release|x86.ActiveCfg = Release|Win32
		{7C863206-7BC6-44D3-9EC6-C755BC20B2F2}.Release|x86.Build.0 = Release|Win32
		{1BB19600-E32F-431F-B498-22EA77D34AD7}.Debug|x64.ActiveCfg = Debug|x64
		{1BB19600-E32F-431F-B498-22EA77D34AD7}.Debug|x64.Build.0 = Debug|x64
		{1BB19600-E32F-431F-B498-22EA77D34AD7}.Debug|x86.ActiveCfg = Debug|Win32
		{1BB19600-E32F-431F-B498-22EA77D34AD7}.Debug|x86.Build.0 = Debug|Win32
		{1BB19600-E32F-431F-B498-22EA77D34AD7}.Release|x64.ActiveCfg = Release|x64
		{1BB19600-E32F-431F-B498-22EA77D34AD7}.Release|x64.Build.0 = Release|x64
		{1BB19600-E32F-431F-B498-22EA77D34AD7}.Release|x86.ActiveCfg = Release|Win32
		{1BB19600-E32F-431F-B498-22EA77D34AD7}.Release|x86.Build.0 = Release|Win32
		{E29C8286-C205-4020-91AD-0537D3A2AE87}.Debug|x64.ActiveCfg = Debug|x64
		{E29C8286-C205-4020-91AD-0537D3A2AE87}.Debug|x64.Build.0 = Debug|x64
		{E29C8286-C205-4020-91AD-0537D3A2AE87}.Debug|x86.ActiveCfg = Debug|Win32
		{E29C8286-C205-4020-91AD-0537D3A2AE87}.Debug|x86.Build.0 = Debug|Win32
		{E29C8286-C205-4020-91AD-0537D3A2AE87}.Release|x64.ActiveCfg = Release|x64
		{E29C8286-C205-4020-91AD-0537D3A2AE87}.Release|x64.Build.0 = Release|x64
		{E29C8286-C205-4020-91AD-0537D3A2AE87}.Release|x86.ActiveCfg = Release|Win32
		{E29C8286-C205-4020-91AD-0537D3A2AE87}.Release|x86.Build.0 = Release|Win32
		{2CBE4A07-2532-43AA-BD50-E9F83BAC6BDE}.Debug|x64.ActiveCfg = Debug|x64
		{2CBE4A07-2532-43AA-BD50-E9F83BAC6BDE}.Debug|x64.Build.0 = Debug|x64
		{2CBE4A07-2532-43AA-BD50-E9F83BAC6BDE}.Debug|x86.ActiveCfg = Debug|Win32
		{2CBE4A07-2532-43AA-BD50-E9F83BAC6BDE}.Debug|x86.Build.0 = Debug|Win32
		{2CBE4A07-2532-43AA-BD50-E9F83BAC6BDE}.Release|x64.ActiveCfg = Release|x64
		{2CBE4A07-2532-43AA-BD50-E9F83BAC6BDE}.Release|x64.Build.0 = Release|x64
		{2CBE4A07-2532-43AA-BD50-E9F83BAC6BDE}.Release|x86.ActiveCfg = Release|Win32
		{2CBE4A07-2532-43AA-BD50-E9F83BAC6BDE}.Release|x86.Build.0 = Release|Win32
		{70AFD6BD-DB00-4892-944F-63756A24913B}.Debug|x64.ActiveCfg = Debug|x64
		{70AFD6BD-DB00-4892-944F-63756A24913B}.Debug|x64.Build.0 = Debug|x64
		{70AFD6BD-DB00-4892-944F-63756A24913B}.Debug|x86.ActiveCfg = Debug|Win32
		{70AFD6BD-DB00-4892-944F-63756A24913B}.Debug|x86.Build.0 = Debug|Win32
		{70AFD6BD-DB00-4892-944F-63756A24913B}.Release|x64.ActiveCfg = Release|x64
		{70AFD6BD-DB00-4892-944F-63756A24913B}.Release|x64.Build.0 = Release|x64
		{70AFD6BD-DB00-4892-944F-63756A24913B}.Release|x86.ActiveCfg = Release|Win32
		{70AFD6BD-DB00-4892-944F-63756A24913B}.Release|x86.Build.0 = Release|Win32
		{BE25DDDE-B898-4722-99F2-995C6AAAD56B}.Debug|x64.ActiveCfg = Debug|x64
		{BE25DDDE-B898-4722-99F2-995C6AAAD56B}.Debug|x64.Build.0 = Debug|x64
		{BE25DDDE-B898-4722-99F2-995C6AAAD56B}.Debug|x86.ActiveCfg = Debug|Win32
		{BE25DDDE-B898-4722-99F2-995C6AAAD56B}.Debug|x86.Build.0 = Debug|Win32
		{BE25DDDE-B898-4722-99F2-995C6AAAD56B}.Release|x64.ActiveCfg = Release|x64
		{BE25DDDE-B898-4722-99F2-995C6AAAD56B}.Release|x64.Build.0 = Release|x64
		{BE25DDDE-B898-4722-99F2-995C6AAAD56B}.Release|x86.ActiveCfg = Release|Win32
		{BE25DDDE-B898-4722-99F2-995C6AAAD56B}.Release|x86.Build.0 = Release|Win32
		{4B87D66A-5DC9-4463-A823-1E56956A4939}.Debug|x64.ActiveCfg = Debug|x64
		{4B87D66A-5DC9-4463-A823-1E56956A4939}.Debug|x64.Build.0 = Debug|x64
		{4B87D66A-5DC9-4463-A823-1E56956A4939}.Debug|x86.ActiveCfg = Debug|Win32
		{4B87D66A-5DC9-4463-A823-1E56956A4939}.Debug|x86.Build.0 = Debug|Win32
		{4B87D66A-5DC9-4463-A823-1E56956A4939}.Release|x64.ActiveCfg = Release|x64
		{4B87D66A-5DC9-4463-A823-1E56956A4939}.Release|x64.Build.0 = Release|x64
		{4B87D66A-5DC9-4463-A823-1E56956A4939}.Release|x86.ActiveCfg = Release|Win32
		{4B87D66A-5DC9-4463-A823-1E56956A4939}.Release|x86.Build.0 = Release|Win32
		{DE840B79-DDA9-4376-9207-B0A322597625}.Debug|x64.ActiveCfg = Debug|x64
		{DE840B79-DDA9-4376-9207-B0A322597625}.Debug|x64.Build.0 = Debug|x64
		{DE840B79-DDA9-4376-9207-B0A322597625}.Debug|x86.ActiveCfg = Debug|Win32
		{DE840B79-DDA9-4376-9207-B0A322597625}.Debug|x86.Build.0 = Debug|Win32
		{DE840B79-DDA9-4376-9207-B0A322597625}.Release|x64.ActiveCfg = Release|x64
		{DE840B79-DDA9-4376-9207-B0A322597625}.Release|x64.Build.0 = Release|x64
		{DE840B79-DDA9-4376-9207-B0A322597625}.Release|x86.ActiveCfg = Release|Win32
		{DE840B79-DDA9-4376-9207-B0A322597625}.Release|x86.Build.0 = Release|Win32
		{8D2DB9EF-4140-4CA8-BC21-C15C89E163CD}.Debug|x64.ActiveCfg = Debug|x64
		{8D2DB9EF-4140-4CA8-BC21-C15C89E163CD}.Debug|x64.Build.0 = Debug|x64
		{8D2DB9EF-4140-4CA8-BC21-C15C89E163CD}.Debug|x86.ActiveCfg = Debug|Win32
		{8D2DB9EF-4140-4CA8-BC21-C15C89E163CD}.Debug|x86.Build.0 = Debug|Win32
		{8D2DB9EF-4140-4CA8-BC21-C15C89E163CD}.Release|x64.ActiveCfg = Release|x64
		{8D2DB9EF-4140-4CA8-BC21-C15C89E163CD}.Release|x64.Build.0 = Release|x64
		{8D2DB9EF-4140-4CA8-BC21-C15C89E163CD}.Release|x86.ActiveCfg = Release|Win32
		{8D2DB9EF-4140-4CA8-BC21-C15C89E163CD}.Release|x86.Build.0 = Release|Win32
		{CC0DD107-85F7-4A55-9D43-C65FF73662EB}.Debug|x64.ActiveCfg = Debug|x64
		{CC0DD107-85F7-4A55-9D43-C65FF73662EB}.Debug|x64.Build.0 = Debug|x64
		{CC0DD107-85F7-4A55-9D43-C65FF73662EB}.Debug|x86.ActiveCfg = Debug|Win32
		{CC0DD107-85F7-4A55-9D43-C65FF73662EB}.Debug|x86.Build.0 = Debug|Win32
		{CC0DD107-85F7-4A55-9D43-C65FF73662EB}.Release|x64.ActiveCfg = Release|x64
		{CC0DD107-85F7-4A55-9D43-C65FF73662EB}.Release|x64.Build.0 = Release|x64
		{CC0DD107-85F7-4A55-9D43-C65FF73662EB}.Release|x86.ActiveCfg = Release|Win32
		{CC0DD107-85F7-4A55-9D43-C65FF73662EB}.Release|x86.Build.0 = Release|Win32
		{C0939B1A-0F49-4076-9814-608F312CC76E}.Debug|x64.ActiveCfg = Debug|x64
		{C0939B1A-0F49-4076-9814-608F312CC76E}.Debug|x64.Build.0 = Debug|x64
		{C0939B1A-0F49-4076-9814-608F312CC76E}.Debug|x86.ActiveCfg = Debug|Win32
		{C0939B1A-0F49-4076-9814-608F312CC76E}.Debug|x86.Build.0 = Debug|Win32
		{C0939B1A-0F49-4076-9814-608F312CC76E}.Release|x64.ActiveCfg = Release|x64
		{C0939B1A-0F49-4076-9814-608F312CC76E}.Release|x64.Build.0 = Release|x64
		{C0939B1A-0F49-4076-9814-608F312CC76E}.Release|x86.ActiveCfg = Release|Win32
		{C0939B1A-0F49-4076-9814-608F312CC76E}.Release|x86.Build.0 = Release|Win32
	EndGlobalSection
	GlobalSection(SolutionProperties) = preSolution
		HideSolutionNode = FALSE
	EndGlobalSection
	GlobalSection(ExtensibilityGlobals) = postSolution
		SolutionGuid = {BB44BEA7-2822-4186-8830-6899D02F0219}
	EndGlobalSection
EndGlobal
