
Microsoft Visual Studio Solution File, Format Version 12.00
# Visual Studio 15
VisualStudioVersion = 15.0.28307.168
MinimumVisualStudioVersion = 10.0.40219.1
Project("{8BC9CEB8-8B4A-11D0-8D11-00A0C91BC942}") = "Drill", "Drill\Drill.vcxproj", "{D914371C-C5CD-4A0C-BAF7-AB576CE11CC4}"
EndProject
Project("{8BC9CEB8-8B4A-11D0-8D11-00A0C91BC942}") = "Exercise 01", "Exercise 01\Exercise 01.vcxproj", "{D073A884-5FC5-44AD-B7E7-0F9C92333969}"
EndProject
Project("{8BC9CEB8-8B4A-11D0-8D11-00A0C91BC942}") = "Exercise 04", "Exercise 04\Exercise 04.vcxproj", "{D8A84F5E-AE0E-414F-8E64-F9AE5635EDC0}"
EndProject
Project("{8BC9CEB8-8B4A-11D0-8D11-00A0C91BC942}") = "Exercise 02", "Exercise 02\Exercise 02.vcxproj", "{78D62596-7D17-4E93-99CA-8D35FAAA5AB1}"
EndProject
Project("{8BC9CEB8-8B4A-11D0-8D11-00A0C91BC942}") = "Exercise 03", "Exercise 03\Exercise 03.vcxproj", "{D3D796B2-33EB-488A-B978-1F9EBC112822}"
EndProject
Project("{8BC9CEB8-8B4A-11D0-8D11-00A0C91BC942}") = "Exercise 05", "Exercise 05\Exercise 05.vcxproj", "{8CF56160-8556-420C-A1BC-C6CE7AA25D19}"
EndProject
Project("{8BC9CEB8-8B4A-11D0-8D11-00A0C91BC942}") = "Exercise 06", "Exercise 06\Exercise 06.vcxproj", "{C1E75BF9-C563-4DCF-B122-F594C78AE01A}"
EndProject
Project("{8BC9CEB8-8B4A-11D0-8D11-00A0C91BC942}") = "Exercise 07", "Exercise 07\Exercise 07.vcxproj", "{1DC62CCB-FBF0-4C14-8A25-AF2F7B0AAE58}"
EndProject
Project("{8BC9CEB8-8B4A-11D0-8D11-00A0C91BC942}") = "Exercise 08", "Exercise 08\Exercise 08.vcxproj", "{44AA86FB-37CF-4F97-B6DE-F6F954A1E4C5}"
EndProject
Project("{8BC9CEB8-8B4A-11D0-8D11-00A0C91BC942}") = "Exercise 09", "Exercise 09\Exercise 09.vcxproj", "{8D983D5B-392F-4657-8A76-CC3289C43098}"
EndProject
Project("{8BC9CEB8-8B4A-11D0-8D11-00A0C91BC942}") = "Exercise 10", "Exercise 10\Exercise 10.vcxproj", "{42D65F64-7DC1-4AD7-894D-16C068736E49}"
EndProject
Project("{8BC9CEB8-8B4A-11D0-8D11-00A0C91BC942}") = "Exercise 11", "Exercise 11\Exercise 11.vcxproj", "{5EF432C0-2525-4F7C-82DD-F4112718F6BF}"
EndProject
Project("{8BC9CEB8-8B4A-11D0-8D11-00A0C91BC942}") = "Exercise 12", "Exercise 12\Exercise 12.vcxproj", "{010042FA-9A81-4894-97BE-4CF3CFC83BBE}"
EndProject
Project("{8BC9CEB8-8B4A-11D0-8D11-00A0C91BC942}") = "Exercise 13", "Exercise 13\Exercise 13.vcxproj", "{BCE0F426-1C79-4BCD-B888-8F073D7F2F55}"
EndProject
Global
	GlobalSection(SolutionConfigurationPlatforms) = preSolution
		Debug|x64 = Debug|x64
		Debug|x86 = Debug|x86
		Release|x64 = Release|x64
		Release|x86 = Release|x86
	EndGlobalSection
	GlobalSection(ProjectConfigurationPlatforms) = postSolution
		{D914371C-C5CD-4A0C-BAF7-AB576CE11CC4}.Debug|x64.ActiveCfg = Debug|x64
		{D914371C-C5CD-4A0C-BAF7-AB576CE11CC4}.Debug|x64.Build.0 = Debug|x64
		{D914371C-C5CD-4A0C-BAF7-AB576CE11CC4}.Debug|x86.ActiveCfg = Debug|Win32
		{D914371C-C5CD-4A0C-BAF7-AB576CE11CC4}.Debug|x86.Build.0 = Debug|Win32
		{D914371C-C5CD-4A0C-BAF7-AB576CE11CC4}.Release|x64.ActiveCfg = Release|x64
		{D914371C-C5CD-4A0C-BAF7-AB576CE11CC4}.Release|x64.Build.0 = Release|x64
		{D914371C-C5CD-4A0C-BAF7-AB576CE11CC4}.Release|x86.ActiveCfg = Release|Win32
		{D914371C-C5CD-4A0C-BAF7-AB576CE11CC4}.Release|x86.Build.0 = Release|Win32
		{D073A884-5FC5-44AD-B7E7-0F9C92333969}.Debug|x64.ActiveCfg = Debug|x64
		{D073A884-5FC5-44AD-B7E7-0F9C92333969}.Debug|x64.Build.0 = Debug|x64
		{D073A884-5FC5-44AD-B7E7-0F9C92333969}.Debug|x86.ActiveCfg = Debug|Win32
		{D073A884-5FC5-44AD-B7E7-0F9C92333969}.Debug|x86.Build.0 = Debug|Win32
		{D073A884-5FC5-44AD-B7E7-0F9C92333969}.Release|x64.ActiveCfg = Release|x64
		{D073A884-5FC5-44AD-B7E7-0F9C92333969}.Release|x64.Build.0 = Release|x64
		{D073A884-5FC5-44AD-B7E7-0F9C92333969}.Release|x86.ActiveCfg = Release|Win32
		{D073A884-5FC5-44AD-B7E7-0F9C92333969}.Release|x86.Build.0 = Release|Win32
		{D8A84F5E-AE0E-414F-8E64-F9AE5635EDC0}.Debug|x64.ActiveCfg = Debug|x64
		{D8A84F5E-AE0E-414F-8E64-F9AE5635EDC0}.Debug|x64.Build.0 = Debug|x64
		{D8A84F5E-AE0E-414F-8E64-F9AE5635EDC0}.Debug|x86.ActiveCfg = Debug|Win32
		{D8A84F5E-AE0E-414F-8E64-F9AE5635EDC0}.Debug|x86.Build.0 = Debug|Win32
		{D8A84F5E-AE0E-414F-8E64-F9AE5635EDC0}.Release|x64.ActiveCfg = Release|x64
		{D8A84F5E-AE0E-414F-8E64-F9AE5635EDC0}.Release|x64.Build.0 = Release|x64
		{D8A84F5E-AE0E-414F-8E64-F9AE5635EDC0}.Release|x86.ActiveCfg = Release|Win32
		{D8A84F5E-AE0E-414F-8E64-F9AE5635EDC0}.Release|x86.Build.0 = Release|Win32
		{78D62596-7D17-4E93-99CA-8D35FAAA5AB1}.Debug|x64.ActiveCfg = Debug|x64
		{78D62596-7D17-4E93-99CA-8D35FAAA5AB1}.Debug|x64.Build.0 = Debug|x64
		{78D62596-7D17-4E93-99CA-8D35FAAA5AB1}.Debug|x86.ActiveCfg = Debug|Win32
		{78D62596-7D17-4E93-99CA-8D35FAAA5AB1}.Debug|x86.Build.0 = Debug|Win32
		{78D62596-7D17-4E93-99CA-8D35FAAA5AB1}.Release|x64.ActiveCfg = Release|x64
		{78D62596-7D17-4E93-99CA-8D35FAAA5AB1}.Release|x64.Build.0 = Release|x64
		{78D62596-7D17-4E93-99CA-8D35FAAA5AB1}.Release|x86.ActiveCfg = Release|Win32
		{78D62596-7D17-4E93-99CA-8D35FAAA5AB1}.Release|x86.Build.0 = Release|Win32
		{D3D796B2-33EB-488A-B978-1F9EBC112822}.Debug|x64.ActiveCfg = Debug|x64
		{D3D796B2-33EB-488A-B978-1F9EBC112822}.Debug|x64.Build.0 = Debug|x64
		{D3D796B2-33EB-488A-B978-1F9EBC112822}.Debug|x86.ActiveCfg = Debug|Win32
		{D3D796B2-33EB-488A-B978-1F9EBC112822}.Debug|x86.Build.0 = Debug|Win32
		{D3D796B2-33EB-488A-B978-1F9EBC112822}.Release|x64.ActiveCfg = Release|x64
		{D3D796B2-33EB-488A-B978-1F9EBC112822}.Release|x64.Build.0 = Release|x64
		{D3D796B2-33EB-488A-B978-1F9EBC112822}.Release|x86.ActiveCfg = Release|Win32
		{D3D796B2-33EB-488A-B978-1F9EBC112822}.Release|x86.Build.0 = Release|Win32
		{8CF56160-8556-420C-A1BC-C6CE7AA25D19}.Debug|x64.ActiveCfg = Debug|x64
		{8CF56160-8556-420C-A1BC-C6CE7AA25D19}.Debug|x64.Build.0 = Debug|x64
		{8CF56160-8556-420C-A1BC-C6CE7AA25D19}.Debug|x86.ActiveCfg = Debug|Win32
		{8CF56160-8556-420C-A1BC-C6CE7AA25D19}.Debug|x86.Build.0 = Debug|Win32
		{8CF56160-8556-420C-A1BC-C6CE7AA25D19}.Release|x64.ActiveCfg = Release|x64
		{8CF56160-8556-420C-A1BC-C6CE7AA25D19}.Release|x64.Build.0 = Release|x64
		{8CF56160-8556-420C-A1BC-C6CE7AA25D19}.Release|x86.ActiveCfg = Release|Win32
		{8CF56160-8556-420C-A1BC-C6CE7AA25D19}.Release|x86.Build.0 = Release|Win32
		{C1E75BF9-C563-4DCF-B122-F594C78AE01A}.Debug|x64.ActiveCfg = Debug|x64
		{C1E75BF9-C563-4DCF-B122-F594C78AE01A}.Debug|x64.Build.0 = Debug|x64
		{C1E75BF9-C563-4DCF-B122-F594C78AE01A}.Debug|x86.ActiveCfg = Debug|Win32
		{C1E75BF9-C563-4DCF-B122-F594C78AE01A}.Debug|x86.Build.0 = Debug|Win32
		{C1E75BF9-C563-4DCF-B122-F594C78AE01A}.Release|x64.ActiveCfg = Release|x64
		{C1E75BF9-C563-4DCF-B122-F594C78AE01A}.Release|x64.Build.0 = Release|x64
		{C1E75BF9-C563-4DCF-B122-F594C78AE01A}.Release|x86.ActiveCfg = Release|Win32
		{C1E75BF9-C563-4DCF-B122-F594C78AE01A}.Release|x86.Build.0 = Release|Win32
		{1DC62CCB-FBF0-4C14-8A25-AF2F7B0AAE58}.Debug|x64.ActiveCfg = Debug|x64
		{1DC62CCB-FBF0-4C14-8A25-AF2F7B0AAE58}.Debug|x64.Build.0 = Debug|x64
		{1DC62CCB-FBF0-4C14-8A25-AF2F7B0AAE58}.Debug|x86.ActiveCfg = Debug|Win32
		{1DC62CCB-FBF0-4C14-8A25-AF2F7B0AAE58}.Debug|x86.Build.0 = Debug|Win32
		{1DC62CCB-FBF0-4C14-8A25-AF2F7B0AAE58}.Release|x64.ActiveCfg = Release|x64
		{1DC62CCB-FBF0-4C14-8A25-AF2F7B0AAE58}.Release|x64.Build.0 = Release|x64
		{1DC62CCB-FBF0-4C14-8A25-AF2F7B0AAE58}.Release|x86.ActiveCfg = Release|Win32
		{1DC62CCB-FBF0-4C14-8A25-AF2F7B0AAE58}.Release|x86.Build.0 = Release|Win32
		{44AA86FB-37CF-4F97-B6DE-F6F954A1E4C5}.Debug|x64.ActiveCfg = Debug|x64
		{44AA86FB-37CF-4F97-B6DE-F6F954A1E4C5}.Debug|x64.Build.0 = Debug|x64
		{44AA86FB-37CF-4F97-B6DE-F6F954A1E4C5}.Debug|x86.ActiveCfg = Debug|Win32
		{44AA86FB-37CF-4F97-B6DE-F6F954A1E4C5}.Debug|x86.Build.0 = Debug|Win32
		{44AA86FB-37CF-4F97-B6DE-F6F954A1E4C5}.Release|x64.ActiveCfg = Release|x64
		{44AA86FB-37CF-4F97-B6DE-F6F954A1E4C5}.Release|x64.Build.0 = Release|x64
		{44AA86FB-37CF-4F97-B6DE-F6F954A1E4C5}.Release|x86.ActiveCfg = Release|Win32
		{44AA86FB-37CF-4F97-B6DE-F6F954A1E4C5}.Release|x86.Build.0 = Release|Win32
		{8D983D5B-392F-4657-8A76-CC3289C43098}.Debug|x64.ActiveCfg = Debug|x64
		{8D983D5B-392F-4657-8A76-CC3289C43098}.Debug|x64.Build.0 = Debug|x64
		{8D983D5B-392F-4657-8A76-CC3289C43098}.Debug|x86.ActiveCfg = Debug|Win32
		{8D983D5B-392F-4657-8A76-CC3289C43098}.Debug|x86.Build.0 = Debug|Win32
		{8D983D5B-392F-4657-8A76-CC3289C43098}.Release|x64.ActiveCfg = Release|x64
		{8D983D5B-392F-4657-8A76-CC3289C43098}.Release|x64.Build.0 = Release|x64
		{8D983D5B-392F-4657-8A76-CC3289C43098}.Release|x86.ActiveCfg = Release|Win32
		{8D983D5B-392F-4657-8A76-CC3289C43098}.Release|x86.Build.0 = Release|Win32
		{42D65F64-7DC1-4AD7-894D-16C068736E49}.Debug|x64.ActiveCfg = Debug|x64
		{42D65F64-7DC1-4AD7-894D-16C068736E49}.Debug|x64.Build.0 = Debug|x64
		{42D65F64-7DC1-4AD7-894D-16C068736E49}.Debug|x86.ActiveCfg = Debug|Win32
		{42D65F64-7DC1-4AD7-894D-16C068736E49}.Debug|x86.Build.0 = Debug|Win32
		{42D65F64-7DC1-4AD7-894D-16C068736E49}.Release|x64.ActiveCfg = Release|x64
		{42D65F64-7DC1-4AD7-894D-16C068736E49}.Release|x64.Build.0 = Release|x64
		{42D65F64-7DC1-4AD7-894D-16C068736E49}.Release|x86.ActiveCfg = Release|Win32
		{42D65F64-7DC1-4AD7-894D-16C068736E49}.Release|x86.Build.0 = Release|Win32
		{5EF432C0-2525-4F7C-82DD-F4112718F6BF}.Debug|x64.ActiveCfg = Debug|x64
		{5EF432C0-2525-4F7C-82DD-F4112718F6BF}.Debug|x64.Build.0 = Debug|x64
		{5EF432C0-2525-4F7C-82DD-F4112718F6BF}.Debug|x86.ActiveCfg = Debug|Win32
		{5EF432C0-2525-4F7C-82DD-F4112718F6BF}.Debug|x86.Build.0 = Debug|Win32
		{5EF432C0-2525-4F7C-82DD-F4112718F6BF}.Release|x64.ActiveCfg = Release|x64
		{5EF432C0-2525-4F7C-82DD-F4112718F6BF}.Release|x64.Build.0 = Release|x64
		{5EF432C0-2525-4F7C-82DD-F4112718F6BF}.Release|x86.ActiveCfg = Release|Win32
		{5EF432C0-2525-4F7C-82DD-F4112718F6BF}.Release|x86.Build.0 = Release|Win32
		{010042FA-9A81-4894-97BE-4CF3CFC83BBE}.Debug|x64.ActiveCfg = Debug|x64
		{010042FA-9A81-4894-97BE-4CF3CFC83BBE}.Debug|x64.Build.0 = Debug|x64
		{010042FA-9A81-4894-97BE-4CF3CFC83BBE}.Debug|x86.ActiveCfg = Debug|Win32
		{010042FA-9A81-4894-97BE-4CF3CFC83BBE}.Debug|x86.Build.0 = Debug|Win32
		{010042FA-9A81-4894-97BE-4CF3CFC83BBE}.Release|x64.ActiveCfg = Release|x64
		{010042FA-9A81-4894-97BE-4CF3CFC83BBE}.Release|x64.Build.0 = Release|x64
		{010042FA-9A81-4894-97BE-4CF3CFC83BBE}.Release|x86.ActiveCfg = Release|Win32
		{010042FA-9A81-4894-97BE-4CF3CFC83BBE}.Release|x86.Build.0 = Release|Win32
		{BCE0F426-1C79-4BCD-B888-8F073D7F2F55}.Debug|x64.ActiveCfg = Debug|x64
		{BCE0F426-1C79-4BCD-B888-8F073D7F2F55}.Debug|x64.Build.0 = Debug|x64
		{BCE0F426-1C79-4BCD-B888-8F073D7F2F55}.Debug|x86.ActiveCfg = Debug|Win32
		{BCE0F426-1C79-4BCD-B888-8F073D7F2F55}.Debug|x86.Build.0 = Debug|Win32
		{BCE0F426-1C79-4BCD-B888-8F073D7F2F55}.Release|x64.ActiveCfg = Release|x64
		{BCE0F426-1C79-4BCD-B888-8F073D7F2F55}.Release|x64.Build.0 = Release|x64
		{BCE0F426-1C79-4BCD-B888-8F073D7F2F55}.Release|x86.ActiveCfg = Release|Win32
		{BCE0F426-1C79-4BCD-B888-8F073D7F2F55}.Release|x86.Build.0 = Release|Win32
	EndGlobalSection
	GlobalSection(SolutionProperties) = preSolution
		HideSolutionNode = FALSE
	EndGlobalSection
	GlobalSection(ExtensibilityGlobals) = postSolution
		SolutionGuid = {40FC3404-A06F-47E7-8B3D-1AB1ABDA7BDC}
	EndGlobalSection
EndGlobal
