
Microsoft Visual Studio Solution File, Format Version 12.00
# Visual Studio 15
VisualStudioVersion = 15.0.27703.2042
MinimumVisualStudioVersion = 10.0.40219.1
Project("{8BC9CEB8-8B4A-11D0-8D11-00A0C91BC942}") = "Exercise 01", "Exercise 01\Exercise 01.vcxproj", "{0FE13138-C12B-4ABC-813F-B80E513F393B}"
EndProject
Project("{8BC9CEB8-8B4A-11D0-8D11-00A0C91BC942}") = "Drill 01", "Drill 01\Drill 01.vcxproj", "{2FF3A19C-F86A-452D-A0C4-95BE2FBF69E5}"
EndProject
Project("{8BC9CEB8-8B4A-11D0-8D11-00A0C91BC942}") = "Drill 02", "Drill 02\Drill 02.vcxproj", "{3709ECB4-EB68-4BA1-8D9D-B02FA476AC7C}"
EndProject
Project("{8BC9CEB8-8B4A-11D0-8D11-00A0C91BC942}") = "Drill 03", "Drill 03\Drill 03.vcxproj", "{AB33D1BB-A20F-48F3-8404-4D1A51562A42}"
EndProject
Project("{8BC9CEB8-8B4A-11D0-8D11-00A0C91BC942}") = "Exercise 02", "Exercise 02\Exercise 02.vcxproj", "{C3BF9219-04D9-436A-8D86-F1FEDA70F5E5}"
EndProject
Project("{8BC9CEB8-8B4A-11D0-8D11-00A0C91BC942}") = "Exercise 03", "Exercise 03\Exercise 03.vcxproj", "{5842353D-E538-458D-8180-03DF18F83F97}"
EndProject
Project("{8BC9CEB8-8B4A-11D0-8D11-00A0C91BC942}") = "Exercise 05", "Exercise 05\Exercise 05.vcxproj", "{A2407EA4-6F14-4DAD-A072-84D406A04440}"
EndProject
Project("{8BC9CEB8-8B4A-11D0-8D11-00A0C91BC942}") = "Exercise 06", "Exercise 06\Exercise 06.vcxproj", "{5D6CA846-C7E5-4015-8761-9C4AD48AAE11}"
EndProject
Project("{8BC9CEB8-8B4A-11D0-8D11-00A0C91BC942}") = "Exercise 07", "Exercise 07\Exercise 07.vcxproj", "{0F7EF894-CC6D-4698-A09C-781B51D7C1F6}"
EndProject
Global
	GlobalSection(SolutionConfigurationPlatforms) = preSolution
		Debug|x64 = Debug|x64
		Debug|x86 = Debug|x86
		Release|x64 = Release|x64
		Release|x86 = Release|x86
	EndGlobalSection
	GlobalSection(ProjectConfigurationPlatforms) = postSolution
		{0FE13138-C12B-4ABC-813F-B80E513F393B}.Debug|x64.ActiveCfg = Debug|x64
		{0FE13138-C12B-4ABC-813F-B80E513F393B}.Debug|x64.Build.0 = Debug|x64
		{0FE13138-C12B-4ABC-813F-B80E513F393B}.Debug|x86.ActiveCfg = Debug|Win32
		{0FE13138-C12B-4ABC-813F-B80E513F393B}.Debug|x86.Build.0 = Debug|Win32
		{0FE13138-C12B-4ABC-813F-B80E513F393B}.Release|x64.ActiveCfg = Release|x64
		{0FE13138-C12B-4ABC-813F-B80E513F393B}.Release|x64.Build.0 = Release|x64
		{0FE13138-C12B-4ABC-813F-B80E513F393B}.Release|x86.ActiveCfg = Release|Win32
		{0FE13138-C12B-4ABC-813F-B80E513F393B}.Release|x86.Build.0 = Release|Win32
		{2FF3A19C-F86A-452D-A0C4-95BE2FBF69E5}.Debug|x64.ActiveCfg = Debug|x64
		{2FF3A19C-F86A-452D-A0C4-95BE2FBF69E5}.Debug|x64.Build.0 = Debug|x64
		{2FF3A19C-F86A-452D-A0C4-95BE2FBF69E5}.Debug|x86.ActiveCfg = Debug|Win32
		{2FF3A19C-F86A-452D-A0C4-95BE2FBF69E5}.Debug|x86.Build.0 = Debug|Win32
		{2FF3A19C-F86A-452D-A0C4-95BE2FBF69E5}.Release|x64.ActiveCfg = Release|x64
		{2FF3A19C-F86A-452D-A0C4-95BE2FBF69E5}.Release|x64.Build.0 = Release|x64
		{2FF3A19C-F86A-452D-A0C4-95BE2FBF69E5}.Release|x86.ActiveCfg = Release|Win32
		{2FF3A19C-F86A-452D-A0C4-95BE2FBF69E5}.Release|x86.Build.0 = Release|Win32
		{3709ECB4-EB68-4BA1-8D9D-B02FA476AC7C}.Debug|x64.ActiveCfg = Debug|x64
		{3709ECB4-EB68-4BA1-8D9D-B02FA476AC7C}.Debug|x64.Build.0 = Debug|x64
		{3709ECB4-EB68-4BA1-8D9D-B02FA476AC7C}.Debug|x86.ActiveCfg = Debug|Win32
		{3709ECB4-EB68-4BA1-8D9D-B02FA476AC7C}.Debug|x86.Build.0 = Debug|Win32
		{3709ECB4-EB68-4BA1-8D9D-B02FA476AC7C}.Release|x64.ActiveCfg = Release|x64
		{3709ECB4-EB68-4BA1-8D9D-B02FA476AC7C}.Release|x64.Build.0 = Release|x64
		{3709ECB4-EB68-4BA1-8D9D-B02FA476AC7C}.Release|x86.ActiveCfg = Release|Win32
		{3709ECB4-EB68-4BA1-8D9D-B02FA476AC7C}.Release|x86.Build.0 = Release|Win32
		{AB33D1BB-A20F-48F3-8404-4D1A51562A42}.Debug|x64.ActiveCfg = Debug|x64
		{AB33D1BB-A20F-48F3-8404-4D1A51562A42}.Debug|x64.Build.0 = Debug|x64
		{AB33D1BB-A20F-48F3-8404-4D1A51562A42}.Debug|x86.ActiveCfg = Debug|Win32
		{AB33D1BB-A20F-48F3-8404-4D1A51562A42}.Debug|x86.Build.0 = Debug|Win32
		{AB33D1BB-A20F-48F3-8404-4D1A51562A42}.Release|x64.ActiveCfg = Release|x64
		{AB33D1BB-A20F-48F3-8404-4D1A51562A42}.Release|x64.Build.0 = Release|x64
		{AB33D1BB-A20F-48F3-8404-4D1A51562A42}.Release|x86.ActiveCfg = Release|Win32
		{AB33D1BB-A20F-48F3-8404-4D1A51562A42}.Release|x86.Build.0 = Release|Win32
		{C3BF9219-04D9-436A-8D86-F1FEDA70F5E5}.Debug|x64.ActiveCfg = Debug|x64
		{C3BF9219-04D9-436A-8D86-F1FEDA70F5E5}.Debug|x64.Build.0 = Debug|x64
		{C3BF9219-04D9-436A-8D86-F1FEDA70F5E5}.Debug|x86.ActiveCfg = Debug|Win32
		{C3BF9219-04D9-436A-8D86-F1FEDA70F5E5}.Debug|x86.Build.0 = Debug|Win32
		{C3BF9219-04D9-436A-8D86-F1FEDA70F5E5}.Release|x64.ActiveCfg = Release|x64
		{C3BF9219-04D9-436A-8D86-F1FEDA70F5E5}.Release|x64.Build.0 = Release|x64
		{C3BF9219-04D9-436A-8D86-F1FEDA70F5E5}.Release|x86.ActiveCfg = Release|Win32
		{C3BF9219-04D9-436A-8D86-F1FEDA70F5E5}.Release|x86.Build.0 = Release|Win32
		{5842353D-E538-458D-8180-03DF18F83F97}.Debug|x64.ActiveCfg = Debug|x64
		{5842353D-E538-458D-8180-03DF18F83F97}.Debug|x64.Build.0 = Debug|x64
		{5842353D-E538-458D-8180-03DF18F83F97}.Debug|x86.ActiveCfg = Debug|Win32
		{5842353D-E538-458D-8180-03DF18F83F97}.Debug|x86.Build.0 = Debug|Win32
		{5842353D-E538-458D-8180-03DF18F83F97}.Release|x64.ActiveCfg = Release|x64
		{5842353D-E538-458D-8180-03DF18F83F97}.Release|x64.Build.0 = Release|x64
		{5842353D-E538-458D-8180-03DF18F83F97}.Release|x86.ActiveCfg = Release|Win32
		{5842353D-E538-458D-8180-03DF18F83F97}.Release|x86.Build.0 = Release|Win32
		{A2407EA4-6F14-4DAD-A072-84D406A04440}.Debug|x64.ActiveCfg = Debug|x64
		{A2407EA4-6F14-4DAD-A072-84D406A04440}.Debug|x64.Build.0 = Debug|x64
		{A2407EA4-6F14-4DAD-A072-84D406A04440}.Debug|x86.ActiveCfg = Debug|Win32
		{A2407EA4-6F14-4DAD-A072-84D406A04440}.Debug|x86.Build.0 = Debug|Win32
		{A2407EA4-6F14-4DAD-A072-84D406A04440}.Release|x64.ActiveCfg = Release|x64
		{A2407EA4-6F14-4DAD-A072-84D406A04440}.Release|x64.Build.0 = Release|x64
		{A2407EA4-6F14-4DAD-A072-84D406A04440}.Release|x86.ActiveCfg = Release|Win32
		{A2407EA4-6F14-4DAD-A072-84D406A04440}.Release|x86.Build.0 = Release|Win32
		{5D6CA846-C7E5-4015-8761-9C4AD48AAE11}.Debug|x64.ActiveCfg = Debug|x64
		{5D6CA846-C7E5-4015-8761-9C4AD48AAE11}.Debug|x64.Build.0 = Debug|x64
		{5D6CA846-C7E5-4015-8761-9C4AD48AAE11}.Debug|x86.ActiveCfg = Debug|Win32
		{5D6CA846-C7E5-4015-8761-9C4AD48AAE11}.Debug|x86.Build.0 = Debug|Win32
		{5D6CA846-C7E5-4015-8761-9C4AD48AAE11}.Release|x64.ActiveCfg = Release|x64
		{5D6CA846-C7E5-4015-8761-9C4AD48AAE11}.Release|x64.Build.0 = Release|x64
		{5D6CA846-C7E5-4015-8761-9C4AD48AAE11}.Release|x86.ActiveCfg = Release|Win32
		{5D6CA846-C7E5-4015-8761-9C4AD48AAE11}.Release|x86.Build.0 = Release|Win32
		{0F7EF894-CC6D-4698-A09C-781B51D7C1F6}.Debug|x64.ActiveCfg = Debug|x64
		{0F7EF894-CC6D-4698-A09C-781B51D7C1F6}.Debug|x64.Build.0 = Debug|x64
		{0F7EF894-CC6D-4698-A09C-781B51D7C1F6}.Debug|x86.ActiveCfg = Debug|Win32
		{0F7EF894-CC6D-4698-A09C-781B51D7C1F6}.Debug|x86.Build.0 = Debug|Win32
		{0F7EF894-CC6D-4698-A09C-781B51D7C1F6}.Release|x64.ActiveCfg = Release|x64
		{0F7EF894-CC6D-4698-A09C-781B51D7C1F6}.Release|x64.Build.0 = Release|x64
		{0F7EF894-CC6D-4698-A09C-781B51D7C1F6}.Release|x86.ActiveCfg = Release|Win32
		{0F7EF894-CC6D-4698-A09C-781B51D7C1F6}.Release|x86.Build.0 = Release|Win32
	EndGlobalSection
	GlobalSection(SolutionProperties) = preSolution
		HideSolutionNode = FALSE
	EndGlobalSection
	GlobalSection(ExtensibilityGlobals) = postSolution
		SolutionGuid = {4A79B01A-15EC-42F2-99B1-C7F7DE117AD2}
	EndGlobalSection
EndGlobal
