
Microsoft Visual Studio Solution File, Format Version 12.00
# Visual Studio 15
VisualStudioVersion = 15.0.27703.2042
MinimumVisualStudioVersion = 10.0.40219.1
Project("{8BC9CEB8-8B4A-11D0-8D11-00A0C91BC942}") = "Exercise 01", "Exercise 01\Exercise 01.vcxproj", "{0FE13138-C12B-4ABC-813F-B80E513F393B}"
EndProject
Project("{8BC9CEB8-8B4A-11D0-8D11-00A0C91BC942}") = "Drill 01", "Drill 01\Drill 01.vcxproj", "{2FF3A19C-F86A-452D-A0C4-95BE2FBF69E5}"
EndProject
Project("{8BC9CEB8-8B4A-11D0-8D11-00A0C91BC942}") = "Drill 02", "Drill 02\Drill 02.vcxproj", "{3709ECB4-EB68-4BA1-8D9D-B02FA476AC7C}"
EndProject
Project("{8BC9CEB8-8B4A-11D0-8D11-00A0C91BC942}") = "Drill 03", "Drill 03\Drill 03.vcxproj", "{AB33D1BB-A20F-48F3-8404-4D1A51562A42}"
EndProject
Project("{8BC9CEB8-8B4A-11D0-8D11-00A0C91BC942}") = "Exercise 02", "Exercise 02\Exercise 02.vcxproj", "{C3BF9219-04D9-436A-8D86-F1FEDA70F5E5}"
EndProject
Project("{8BC9CEB8-8B4A-11D0-8D11-00A0C91BC942}") = "Exercise 03", "Exercise 03\Exercise 03.vcxproj", "{5842353D-E538-458D-8180-03DF18F83F97}"
EndProject
Project("{8BC9CEB8-8B4A-11D0-8D11-00A0C91BC942}") = "Exercise 05", "Exercise 05\Exercise 05.vcxproj", "{A2407EA4-6F14-4DAD-A072-84D406A04440}"
EndProject
Project("{8BC9CEB8-8B4A-11D0-8D11-00A0C91BC942}") = "Exercise 06", "Exercise 06\Exercise 06.vcxproj", "{5D6CA846-C7E5-4015-8761-9C4AD48AAE11}"
EndProject
Project("{8BC9CEB8-8B4A-11D0-8D11-00A0C91BC942}") = "Exercise 07", "Exercise 07\Exercise 07.vcxproj", "{0F7EF894-CC6D-4698-A09C-781B51D7C1F6}"
EndProject
Project("{8BC9CEB8-8B4A-11D0-8D11-00A0C91BC942}") = "Exercise 09", "Exercise 09\Exercise 09.vcxproj", "{19D80E7C-873D-4D93-BFB2-EDEBB3E29EA0}"
EndProject
Project("{8BC9CEB8-8B4A-11D0-8D11-00A0C91BC942}") = "Exercise 10", "Exercise 10\Exercise 10.vcxproj", "{B72CC35D-BEE0-42CB-BF78-6F91F9D99C15}"
EndProject
Project("{8BC9CEB8-8B4A-11D0-8D11-00A0C91BC942}") = "Exercise 11", "Exercise 11\Exercise 11.vcxproj", "{6131E8F0-20EB-40A2-8EA0-21A505EFCE97}"
EndProject
Project("{8BC9CEB8-8B4A-11D0-8D11-00A0C91BC942}") = "Exercise 12", "Exercise 12\Exercise 12.vcxproj", "{7D8D60AE-C680-4B0D-A5CD-7F09D30F13FC}"
EndProject
Project("{8BC9CEB8-8B4A-11D0-8D11-00A0C91BC942}") = "Exercise 13", "Exercise 13\Exercise 13.vcxproj", "{81A9777C-B004-43FA-8A43-624F823B8632}"
EndProject
Project("{8BC9CEB8-8B4A-11D0-8D11-00A0C91BC942}") = "Exercise 14", "Exercise 14\Exercise 14.vcxproj", "{FDFC5054-8ABE-4787-9F12-376F081C796C}"
EndProject
Global
	GlobalSection(SolutionConfigurationPlatforms) = preSolution
		Debug|x64 = Debug|x64
		Debug|x86 = Debug|x86
		Release|x64 = Release|x64
		Release|x86 = Release|x86
	EndGlobalSection
	GlobalSection(ProjectConfigurationPlatforms) = postSolution
		{0FE13138-C12B-4ABC-813F-B80E513F393B}.Debug|x64.ActiveCfg = Debug|x64
		{0FE13138-C12B-4ABC-813F-B80E513F393B}.Debug|x64.Build.0 = Debug|x64
		{0FE13138-C12B-4ABC-813F-B80E513F393B}.Debug|x86.ActiveCfg = Debug|Win32
		{0FE13138-C12B-4ABC-813F-B80E513F393B}.Debug|x86.Build.0 = Debug|Win32
		{0FE13138-C12B-4ABC-813F-B80E513F393B}.Release|x64.ActiveCfg = Release|x64
		{0FE13138-C12B-4ABC-813F-B80E513F393B}.Release|x64.Build.0 = Release|x64
		{0FE13138-C12B-4ABC-813F-B80E513F393B}.Release|x86.ActiveCfg = Release|Win32
		{0FE13138-C12B-4ABC-813F-B80E513F393B}.Release|x86.Build.0 = Release|Win32
		{2FF3A19C-F86A-452D-A0C4-95BE2FBF69E5}.Debug|x64.ActiveCfg = Debug|x64
		{2FF3A19C-F86A-452D-A0C4-95BE2FBF69E5}.Debug|x64.Build.0 = Debug|x64
		{2FF3A19C-F86A-452D-A0C4-95BE2FBF69E5}.Debug|x86.ActiveCfg = Debug|Win32
		{2FF3A19C-F86A-452D-A0C4-95BE2FBF69E5}.Debug|x86.Build.0 = Debug|Win32
		{2FF3A19C-F86A-452D-A0C4-95BE2FBF69E5}.Release|x64.ActiveCfg = Release|x64
		{2FF3A19C-F86A-452D-A0C4-95BE2FBF69E5}.Release|x64.Build.0 = Release|x64
		{2FF3A19C-F86A-452D-A0C4-95BE2FBF69E5}.Release|x86.ActiveCfg = Release|Win32
		{2FF3A19C-F86A-452D-A0C4-95BE2FBF69E5}.Release|x86.Build.0 = Release|Win32
		{3709ECB4-EB68-4BA1-8D9D-B02FA476AC7C}.Debug|x64.ActiveCfg = Debug|x64
		{3709ECB4-EB68-4BA1-8D9D-B02FA476AC7C}.Debug|x64.Build.0 = Debug|x64
		{3709ECB4-EB68-4BA1-8D9D-B02FA476AC7C}.Debug|x86.ActiveCfg = Debug|Win32
		{3709ECB4-EB68-4BA1-8D9D-B02FA476AC7C}.Debug|x86.Build.0 = Debug|Win32
		{3709ECB4-EB68-4BA1-8D9D-B02FA476AC7C}.Release|x64.ActiveCfg = Release|x64
		{3709ECB4-EB68-4BA1-8D9D-B02FA476AC7C}.Release|x64.Build.0 = Release|x64
		{3709ECB4-EB68-4BA1-8D9D-B02FA476AC7C}.Release|x86.ActiveCfg = Release|Win32
		{3709ECB4-EB68-4BA1-8D9D-B02FA476AC7C}.Release|x86.Build.0 = Release|Win32
		{AB33D1BB-A20F-48F3-8404-4D1A51562A42}.Debug|x64.ActiveCfg = Debug|x64
		{AB33D1BB-A20F-48F3-8404-4D1A51562A42}.Debug|x64.Build.0 = Debug|x64
		{AB33D1BB-A20F-48F3-8404-4D1A51562A42}.Debug|x86.ActiveCfg = Debug|Win32
		{AB33D1BB-A20F-48F3-8404-4D1A51562A42}.Debug|x86.Build.0 = Debug|Win32
		{AB33D1BB-A20F-48F3-8404-4D1A51562A42}.Release|x64.ActiveCfg = Release|x64
		{AB33D1BB-A20F-48F3-8404-4D1A51562A42}.Release|x64.Build.0 = Release|x64
		{AB33D1BB-A20F-48F3-8404-4D1A51562A42}.Release|x86.ActiveCfg = Release|Win32
		{AB33D1BB-A20F-48F3-8404-4D1A51562A42}.Release|x86.Build.0 = Release|Win32
		{C3BF9219-04D9-436A-8D86-F1FEDA70F5E5}.Debug|x64.ActiveCfg = Debug|x64
		{C3BF9219-04D9-436A-8D86-F1FEDA70F5E5}.Debug|x64.Build.0 = Debug|x64
		{C3BF9219-04D9-436A-8D86-F1FEDA70F5E5}.Debug|x86.ActiveCfg = Debug|Win32
		{C3BF9219-04D9-436A-8D86-F1FEDA70F5E5}.Debug|x86.Build.0 = Debug|Win32
		{C3BF9219-04D9-436A-8D86-F1FEDA70F5E5}.Release|x64.ActiveCfg = Release|x64
		{C3BF9219-04D9-436A-8D86-F1FEDA70F5E5}.Release|x64.Build.0 = Release|x64
		{C3BF9219-04D9-436A-8D86-F1FEDA70F5E5}.Release|x86.ActiveCfg = Release|Win32
		{C3BF9219-04D9-436A-8D86-F1FEDA70F5E5}.Release|x86.Build.0 = Release|Win32
		{5842353D-E538-458D-8180-03DF18F83F97}.Debug|x64.ActiveCfg = Debug|x64
		{5842353D-E538-458D-8180-03DF18F83F97}.Debug|x64.Build.0 = Debug|x64
		{5842353D-E538-458D-8180-03DF18F83F97}.Debug|x86.ActiveCfg = Debug|Win32
		{5842353D-E538-458D-8180-03DF18F83F97}.Debug|x86.Build.0 = Debug|Win32
		{5842353D-E538-458D-8180-03DF18F83F97}.Release|x64.ActiveCfg = Release|x64
		{5842353D-E538-458D-8180-03DF18F83F97}.Release|x64.Build.0 = Release|x64
		{5842353D-E538-458D-8180-03DF18F83F97}.Release|x86.ActiveCfg = Release|Win32
		{5842353D-E538-458D-8180-03DF18F83F97}.Release|x86.Build.0 = Release|Win32
		{A2407EA4-6F14-4DAD-A072-84D406A04440}.Debug|x64.ActiveCfg = Debug|x64
		{A2407EA4-6F14-4DAD-A072-84D406A04440}.Debug|x64.Build.0 = Debug|x64
		{A2407EA4-6F14-4DAD-A072-84D406A04440}.Debug|x86.ActiveCfg = Debug|Win32
		{A2407EA4-6F14-4DAD-A072-84D406A04440}.Debug|x86.Build.0 = Debug|Win32
		{A2407EA4-6F14-4DAD-A072-84D406A04440}.Release|x64.ActiveCfg = Release|x64
		{A2407EA4-6F14-4DAD-A072-84D406A04440}.Release|x64.Build.0 = Release|x64
		{A2407EA4-6F14-4DAD-A072-84D406A04440}.Release|x86.ActiveCfg = Release|Win32
		{A2407EA4-6F14-4DAD-A072-84D406A04440}.Release|x86.Build.0 = Release|Win32
		{5D6CA846-C7E5-4015-8761-9C4AD48AAE11}.Debug|x64.ActiveCfg = Debug|x64
		{5D6CA846-C7E5-4015-8761-9C4AD48AAE11}.Debug|x64.Build.0 = Debug|x64
		{5D6CA846-C7E5-4015-8761-9C4AD48AAE11}.Debug|x86.ActiveCfg = Debug|Win32
		{5D6CA846-C7E5-4015-8761-9C4AD48AAE11}.Debug|x86.Build.0 = Debug|Win32
		{5D6CA846-C7E5-4015-8761-9C4AD48AAE11}.Release|x64.ActiveCfg = Release|x64
		{5D6CA846-C7E5-4015-8761-9C4AD48AAE11}.Release|x64.Build.0 = Release|x64
		{5D6CA846-C7E5-4015-8761-9C4AD48AAE11}.Release|x86.ActiveCfg = Release|Win32
		{5D6CA846-C7E5-4015-8761-9C4AD48AAE11}.Release|x86.Build.0 = Release|Win32
		{0F7EF894-CC6D-4698-A09C-781B51D7C1F6}.Debug|x64.ActiveCfg = Debug|x64
		{0F7EF894-CC6D-4698-A09C-781B51D7C1F6}.Debug|x64.Build.0 = Debug|x64
		{0F7EF894-CC6D-4698-A09C-781B51D7C1F6}.Debug|x86.ActiveCfg = Debug|Win32
		{0F7EF894-CC6D-4698-A09C-781B51D7C1F6}.Debug|x86.Build.0 = Debug|Win32
		{0F7EF894-CC6D-4698-A09C-781B51D7C1F6}.Release|x64.ActiveCfg = Release|x64
		{0F7EF894-CC6D-4698-A09C-781B51D7C1F6}.Release|x64.Build.0 = Release|x64
		{0F7EF894-CC6D-4698-A09C-781B51D7C1F6}.Release|x86.ActiveCfg = Release|Win32
		{0F7EF894-CC6D-4698-A09C-781B51D7C1F6}.Release|x86.Build.0 = Release|Win32
		{19D80E7C-873D-4D93-BFB2-EDEBB3E29EA0}.Debug|x64.ActiveCfg = Debug|x64
		{19D80E7C-873D-4D93-BFB2-EDEBB3E29EA0}.Debug|x64.Build.0 = Debug|x64
		{19D80E7C-873D-4D93-BFB2-EDEBB3E29EA0}.Debug|x86.ActiveCfg = Debug|Win32
		{19D80E7C-873D-4D93-BFB2-EDEBB3E29EA0}.Debug|x86.Build.0 = Debug|Win32
		{19D80E7C-873D-4D93-BFB2-EDEBB3E29EA0}.Release|x64.ActiveCfg = Release|x64
		{19D80E7C-873D-4D93-BFB2-EDEBB3E29EA0}.Release|x64.Build.0 = Release|x64
		{19D80E7C-873D-4D93-BFB2-EDEBB3E29EA0}.Release|x86.ActiveCfg = Release|Win32
		{19D80E7C-873D-4D93-BFB2-EDEBB3E29EA0}.Release|x86.Build.0 = Release|Win32
		{B72CC35D-BEE0-42CB-BF78-6F91F9D99C15}.Debug|x64.ActiveCfg = Debug|x64
		{B72CC35D-BEE0-42CB-BF78-6F91F9D99C15}.Debug|x64.Build.0 = Debug|x64
		{B72CC35D-BEE0-42CB-BF78-6F91F9D99C15}.Debug|x86.ActiveCfg = Debug|Win32
		{B72CC35D-BEE0-42CB-BF78-6F91F9D99C15}.Debug|x86.Build.0 = Debug|Win32
		{B72CC35D-BEE0-42CB-BF78-6F91F9D99C15}.Release|x64.ActiveCfg = Release|x64
		{B72CC35D-BEE0-42CB-BF78-6F91F9D99C15}.Release|x64.Build.0 = Release|x64
		{B72CC35D-BEE0-42CB-BF78-6F91F9D99C15}.Release|x86.ActiveCfg = Release|Win32
		{B72CC35D-BEE0-42CB-BF78-6F91F9D99C15}.Release|x86.Build.0 = Release|Win32
		{6131E8F0-20EB-40A2-8EA0-21A505EFCE97}.Debug|x64.ActiveCfg = Debug|x64
		{6131E8F0-20EB-40A2-8EA0-21A505EFCE97}.Debug|x64.Build.0 = Debug|x64
		{6131E8F0-20EB-40A2-8EA0-21A505EFCE97}.Debug|x86.ActiveCfg = Debug|Win32
		{6131E8F0-20EB-40A2-8EA0-21A505EFCE97}.Debug|x86.Build.0 = Debug|Win32
		{6131E8F0-20EB-40A2-8EA0-21A505EFCE97}.Release|x64.ActiveCfg = Release|x64
		{6131E8F0-20EB-40A2-8EA0-21A505EFCE97}.Release|x64.Build.0 = Release|x64
		{6131E8F0-20EB-40A2-8EA0-21A505EFCE97}.Release|x86.ActiveCfg = Release|Win32
		{6131E8F0-20EB-40A2-8EA0-21A505EFCE97}.Release|x86.Build.0 = Release|Win32
		{7D8D60AE-C680-4B0D-A5CD-7F09D30F13FC}.Debug|x64.ActiveCfg = Debug|x64
		{7D8D60AE-C680-4B0D-A5CD-7F09D30F13FC}.Debug|x64.Build.0 = Debug|x64
		{7D8D60AE-C680-4B0D-A5CD-7F09D30F13FC}.Debug|x86.ActiveCfg = Debug|Win32
		{7D8D60AE-C680-4B0D-A5CD-7F09D30F13FC}.Debug|x86.Build.0 = Debug|Win32
		{7D8D60AE-C680-4B0D-A5CD-7F09D30F13FC}.Release|x64.ActiveCfg = Release|x64
		{7D8D60AE-C680-4B0D-A5CD-7F09D30F13FC}.Release|x64.Build.0 = Release|x64
		{7D8D60AE-C680-4B0D-A5CD-7F09D30F13FC}.Release|x86.ActiveCfg = Release|Win32
		{7D8D60AE-C680-4B0D-A5CD-7F09D30F13FC}.Release|x86.Build.0 = Release|Win32
		{81A9777C-B004-43FA-8A43-624F823B8632}.Debug|x64.ActiveCfg = Debug|x64
		{81A9777C-B004-43FA-8A43-624F823B8632}.Debug|x64.Build.0 = Debug|x64
		{81A9777C-B004-43FA-8A43-624F823B8632}.Debug|x86.ActiveCfg = Debug|Win32
		{81A9777C-B004-43FA-8A43-624F823B8632}.Debug|x86.Build.0 = Debug|Win32
		{81A9777C-B004-43FA-8A43-624F823B8632}.Release|x64.ActiveCfg = Release|x64
		{81A9777C-B004-43FA-8A43-624F823B8632}.Release|x64.Build.0 = Release|x64
		{81A9777C-B004-43FA-8A43-624F823B8632}.Release|x86.ActiveCfg = Release|Win32
		{81A9777C-B004-43FA-8A43-624F823B8632}.Release|x86.Build.0 = Release|Win32
		{FDFC5054-8ABE-4787-9F12-376F081C796C}.Debug|x64.ActiveCfg = Debug|x64
		{FDFC5054-8ABE-4787-9F12-376F081C796C}.Debug|x64.Build.0 = Debug|x64
		{FDFC5054-8ABE-4787-9F12-376F081C796C}.Debug|x86.ActiveCfg = Debug|Win32
		{FDFC5054-8ABE-4787-9F12-376F081C796C}.Debug|x86.Build.0 = Debug|Win32
		{FDFC5054-8ABE-4787-9F12-376F081C796C}.Release|x64.ActiveCfg = Release|x64
		{FDFC5054-8ABE-4787-9F12-376F081C796C}.Release|x64.Build.0 = Release|x64
		{FDFC5054-8ABE-4787-9F12-376F081C796C}.Release|x86.ActiveCfg = Release|Win32
		{FDFC5054-8ABE-4787-9F12-376F081C796C}.Release|x86.Build.0 = Release|Win32
	EndGlobalSection
	GlobalSection(SolutionProperties) = preSolution
		HideSolutionNode = FALSE
	EndGlobalSection
	GlobalSection(ExtensibilityGlobals) = postSolution
		SolutionGuid = {4A79B01A-15EC-42F2-99B1-C7F7DE117AD2}
	EndGlobalSection
EndGlobal
