
Microsoft Visual Studio Solution File, Format Version 12.00
# Visual Studio 15
VisualStudioVersion = 15.0.28307.168
MinimumVisualStudioVersion = 10.0.40219.1
Project("{8BC9CEB8-8B4A-11D0-8D11-00A0C91BC942}") = "Drill", "Drill\Drill.vcxproj", "{44DD680B-4D3F-4F14-B8C2-210531D605AF}"
EndProject
Project("{8BC9CEB8-8B4A-11D0-8D11-00A0C91BC942}") = "Exercise 01", "Exercise 01\Exercise 01.vcxproj", "{4859D277-8500-429E-B28F-25BC36426B2E}"
EndProject
Project("{8BC9CEB8-8B4A-11D0-8D11-00A0C91BC942}") = "Exercise 02", "Exercise 02\Exercise 02.vcxproj", "{908F1C4C-7A58-4BF7-9E55-E20249E73A02}"
EndProject
Project("{8BC9CEB8-8B4A-11D0-8D11-00A0C91BC942}") = "Exercise 03", "Exercise 03\Exercise 03.vcxproj", "{5DE987D6-258A-4D0D-9C40-4EF32447214F}"
EndProject
Project("{8BC9CEB8-8B4A-11D0-8D11-00A0C91BC942}") = "Exercise 04", "Exercise 04\Exercise 04.vcxproj", "{FC774A83-4E89-4B67-A7FA-5231C59797AB}"
EndProject
Project("{8BC9CEB8-8B4A-11D0-8D11-00A0C91BC942}") = "Exercise 05", "Exercise 05\Exercise 05.vcxproj", "{532D9132-1A32-43B5-8132-C1595A3CEF12}"
EndProject
Project("{8BC9CEB8-8B4A-11D0-8D11-00A0C91BC942}") = "Exercise 06", "Exercise 06\Exercise 06.vcxproj", "{14CDBBBA-55ED-4413-A601-BC5797588F3D}"
EndProject
Global
	GlobalSection(SolutionConfigurationPlatforms) = preSolution
		Debug|x64 = Debug|x64
		Debug|x86 = Debug|x86
		Release|x64 = Release|x64
		Release|x86 = Release|x86
	EndGlobalSection
	GlobalSection(ProjectConfigurationPlatforms) = postSolution
		{44DD680B-4D3F-4F14-B8C2-210531D605AF}.Debug|x64.ActiveCfg = Debug|x64
		{44DD680B-4D3F-4F14-B8C2-210531D605AF}.Debug|x64.Build.0 = Debug|x64
		{44DD680B-4D3F-4F14-B8C2-210531D605AF}.Debug|x86.ActiveCfg = Debug|Win32
		{44DD680B-4D3F-4F14-B8C2-210531D605AF}.Debug|x86.Build.0 = Debug|Win32
		{44DD680B-4D3F-4F14-B8C2-210531D605AF}.Release|x64.ActiveCfg = Release|x64
		{44DD680B-4D3F-4F14-B8C2-210531D605AF}.Release|x64.Build.0 = Release|x64
		{44DD680B-4D3F-4F14-B8C2-210531D605AF}.Release|x86.ActiveCfg = Release|Win32
		{44DD680B-4D3F-4F14-B8C2-210531D605AF}.Release|x86.Build.0 = Release|Win32
		{4859D277-8500-429E-B28F-25BC36426B2E}.Debug|x64.ActiveCfg = Debug|x64
		{4859D277-8500-429E-B28F-25BC36426B2E}.Debug|x64.Build.0 = Debug|x64
		{4859D277-8500-429E-B28F-25BC36426B2E}.Debug|x86.ActiveCfg = Debug|Win32
		{4859D277-8500-429E-B28F-25BC36426B2E}.Debug|x86.Build.0 = Debug|Win32
		{4859D277-8500-429E-B28F-25BC36426B2E}.Release|x64.ActiveCfg = Release|x64
		{4859D277-8500-429E-B28F-25BC36426B2E}.Release|x64.Build.0 = Release|x64
		{4859D277-8500-429E-B28F-25BC36426B2E}.Release|x86.ActiveCfg = Release|Win32
		{4859D277-8500-429E-B28F-25BC36426B2E}.Release|x86.Build.0 = Release|Win32
		{908F1C4C-7A58-4BF7-9E55-E20249E73A02}.Debug|x64.ActiveCfg = Debug|x64
		{908F1C4C-7A58-4BF7-9E55-E20249E73A02}.Debug|x64.Build.0 = Debug|x64
		{908F1C4C-7A58-4BF7-9E55-E20249E73A02}.Debug|x86.ActiveCfg = Debug|Win32
		{908F1C4C-7A58-4BF7-9E55-E20249E73A02}.Debug|x86.Build.0 = Debug|Win32
		{908F1C4C-7A58-4BF7-9E55-E20249E73A02}.Release|x64.ActiveCfg = Release|x64
		{908F1C4C-7A58-4BF7-9E55-E20249E73A02}.Release|x64.Build.0 = Release|x64
		{908F1C4C-7A58-4BF7-9E55-E20249E73A02}.Release|x86.ActiveCfg = Release|Win32
		{908F1C4C-7A58-4BF7-9E55-E20249E73A02}.Release|x86.Build.0 = Release|Win32
		{5DE987D6-258A-4D0D-9C40-4EF32447214F}.Debug|x64.ActiveCfg = Debug|x64
		{5DE987D6-258A-4D0D-9C40-4EF32447214F}.Debug|x64.Build.0 = Debug|x64
		{5DE987D6-258A-4D0D-9C40-4EF32447214F}.Debug|x86.ActiveCfg = Debug|Win32
		{5DE987D6-258A-4D0D-9C40-4EF32447214F}.Debug|x86.Build.0 = Debug|Win32
		{5DE987D6-258A-4D0D-9C40-4EF32447214F}.Release|x64.ActiveCfg = Release|x64
		{5DE987D6-258A-4D0D-9C40-4EF32447214F}.Release|x64.Build.0 = Release|x64
		{5DE987D6-258A-4D0D-9C40-4EF32447214F}.Release|x86.ActiveCfg = Release|Win32
		{5DE987D6-258A-4D0D-9C40-4EF32447214F}.Release|x86.Build.0 = Release|Win32
		{FC774A83-4E89-4B67-A7FA-5231C59797AB}.Debug|x64.ActiveCfg = Debug|x64
		{FC774A83-4E89-4B67-A7FA-5231C59797AB}.Debug|x64.Build.0 = Debug|x64
		{FC774A83-4E89-4B67-A7FA-5231C59797AB}.Debug|x86.ActiveCfg = Debug|Win32
		{FC774A83-4E89-4B67-A7FA-5231C59797AB}.Debug|x86.Build.0 = Debug|Win32
		{FC774A83-4E89-4B67-A7FA-5231C59797AB}.Release|x64.ActiveCfg = Release|x64
		{FC774A83-4E89-4B67-A7FA-5231C59797AB}.Release|x64.Build.0 = Release|x64
		{FC774A83-4E89-4B67-A7FA-5231C59797AB}.Release|x86.ActiveCfg = Release|Win32
		{FC774A83-4E89-4B67-A7FA-5231C59797AB}.Release|x86.Build.0 = Release|Win32
		{532D9132-1A32-43B5-8132-C1595A3CEF12}.Debug|x64.ActiveCfg = Debug|x64
		{532D9132-1A32-43B5-8132-C1595A3CEF12}.Debug|x64.Build.0 = Debug|x64
		{532D9132-1A32-43B5-8132-C1595A3CEF12}.Debug|x86.ActiveCfg = Debug|Win32
		{532D9132-1A32-43B5-8132-C1595A3CEF12}.Debug|x86.Build.0 = Debug|Win32
		{532D9132-1A32-43B5-8132-C1595A3CEF12}.Release|x64.ActiveCfg = Release|x64
		{532D9132-1A32-43B5-8132-C1595A3CEF12}.Release|x64.Build.0 = Release|x64
		{532D9132-1A32-43B5-8132-C1595A3CEF12}.Release|x86.ActiveCfg = Release|Win32
		{532D9132-1A32-43B5-8132-C1595A3CEF12}.Release|x86.Build.0 = Release|Win32
		{14CDBBBA-55ED-4413-A601-BC5797588F3D}.Debug|x64.ActiveCfg = Debug|x64
		{14CDBBBA-55ED-4413-A601-BC5797588F3D}.Debug|x64.Build.0 = Debug|x64
		{14CDBBBA-55ED-4413-A601-BC5797588F3D}.Debug|x86.ActiveCfg = Debug|Win32
		{14CDBBBA-55ED-4413-A601-BC5797588F3D}.Debug|x86.Build.0 = Debug|Win32
		{14CDBBBA-55ED-4413-A601-BC5797588F3D}.Release|x64.ActiveCfg = Release|x64
		{14CDBBBA-55ED-4413-A601-BC5797588F3D}.Release|x64.Build.0 = Release|x64
		{14CDBBBA-55ED-4413-A601-BC5797588F3D}.Release|x86.ActiveCfg = Release|Win32
		{14CDBBBA-55ED-4413-A601-BC5797588F3D}.Release|x86.Build.0 = Release|Win32
	EndGlobalSection
	GlobalSection(SolutionProperties) = preSolution
		HideSolutionNode = FALSE
	EndGlobalSection
	GlobalSection(ExtensibilityGlobals) = postSolution
		SolutionGuid = {15A23E7F-F77B-4B99-9564-66A4B7E46850}
	EndGlobalSection
EndGlobal
