
Microsoft Visual Studio Solution File, Format Version 12.00
# Visual Studio 15
VisualStudioVersion = 15.0.27130.2036
MinimumVisualStudioVersion = 10.0.40219.1
Project("{8BC9CEB8-8B4A-11D0-8D11-00A0C91BC942}") = "FormLetter", "FormLetter\FormLetter.vcxproj", "{26FB95AF-198D-4B1C-A1D3-89A3E7076F5E}"
EndProject
Project("{8BC9CEB8-8B4A-11D0-8D11-00A0C91BC942}") = "E2", "..\E2\E2.vcxproj", "{96BC3C0F-8786-464B-AB76-D2E59CC4E18D}"
EndProject
Project("{8BC9CEB8-8B4A-11D0-8D11-00A0C91BC942}") = "E4", "..\E4\E4.vcxproj", "{2044670A-1E82-4191-ABAA-618C57097814}"
EndProject
Project("{8BC9CEB8-8B4A-11D0-8D11-00A0C91BC942}") = "E5", "..\E5\E5.vcxproj", "{F1E42104-7644-4706-883B-717E33790351}"
EndProject
Project("{8BC9CEB8-8B4A-11D0-8D11-00A0C91BC942}") = "E6", "..\E6\E6.vcxproj", "{7852AD5A-C35F-428D-A439-FE4B56C7D845}"
EndProject
Project("{8BC9CEB8-8B4A-11D0-8D11-00A0C91BC942}") = "E7", "..\E7\E7.vcxproj", "{0AC95650-C47F-4E8A-AE61-925D414A8598}"
EndProject
Project("{8BC9CEB8-8B4A-11D0-8D11-00A0C91BC942}") = "E8", "..\E8\E8.vcxproj", "{115247D4-D881-4EF7-A567-F301EE992F98}"
EndProject
Project("{8BC9CEB8-8B4A-11D0-8D11-00A0C91BC942}") = "E9", "..\E9\E9.vcxproj", "{471992A1-E904-4B6D-8A8B-C5D05EE07FE8}"
EndProject
Project("{8BC9CEB8-8B4A-11D0-8D11-00A0C91BC942}") = "E10", "..\E10\E10.vcxproj", "{DA83CC77-3EC6-4EE7-ACFF-36B1B366418F}"
EndProject
Project("{8BC9CEB8-8B4A-11D0-8D11-00A0C91BC942}") = "E11", "..\E11\E11.vcxproj", "{08E80C1B-DD9A-4D31-9E86-853C5B016F4E}"
EndProject
Global
	GlobalSection(SolutionConfigurationPlatforms) = preSolution
		Debug|x64 = Debug|x64
		Debug|x86 = Debug|x86
		Release|x64 = Release|x64
		Release|x86 = Release|x86
	EndGlobalSection
	GlobalSection(ProjectConfigurationPlatforms) = postSolution
		{26FB95AF-198D-4B1C-A1D3-89A3E7076F5E}.Debug|x64.ActiveCfg = Debug|x64
		{26FB95AF-198D-4B1C-A1D3-89A3E7076F5E}.Debug|x64.Build.0 = Debug|x64
		{26FB95AF-198D-4B1C-A1D3-89A3E7076F5E}.Debug|x86.ActiveCfg = Debug|Win32
		{26FB95AF-198D-4B1C-A1D3-89A3E7076F5E}.Debug|x86.Build.0 = Debug|Win32
		{26FB95AF-198D-4B1C-A1D3-89A3E7076F5E}.Release|x64.ActiveCfg = Release|x64
		{26FB95AF-198D-4B1C-A1D3-89A3E7076F5E}.Release|x64.Build.0 = Release|x64
		{26FB95AF-198D-4B1C-A1D3-89A3E7076F5E}.Release|x86.ActiveCfg = Release|Win32
		{26FB95AF-198D-4B1C-A1D3-89A3E7076F5E}.Release|x86.Build.0 = Release|Win32
		{96BC3C0F-8786-464B-AB76-D2E59CC4E18D}.Debug|x64.ActiveCfg = Debug|x64
		{96BC3C0F-8786-464B-AB76-D2E59CC4E18D}.Debug|x64.Build.0 = Debug|x64
		{96BC3C0F-8786-464B-AB76-D2E59CC4E18D}.Debug|x86.ActiveCfg = Debug|Win32
		{96BC3C0F-8786-464B-AB76-D2E59CC4E18D}.Debug|x86.Build.0 = Debug|Win32
		{96BC3C0F-8786-464B-AB76-D2E59CC4E18D}.Release|x64.ActiveCfg = Release|x64
		{96BC3C0F-8786-464B-AB76-D2E59CC4E18D}.Release|x64.Build.0 = Release|x64
		{96BC3C0F-8786-464B-AB76-D2E59CC4E18D}.Release|x86.ActiveCfg = Release|Win32
		{96BC3C0F-8786-464B-AB76-D2E59CC4E18D}.Release|x86.Build.0 = Release|Win32
		{2044670A-1E82-4191-ABAA-618C57097814}.Debug|x64.ActiveCfg = Debug|x64
		{2044670A-1E82-4191-ABAA-618C57097814}.Debug|x64.Build.0 = Debug|x64
		{2044670A-1E82-4191-ABAA-618C57097814}.Debug|x86.ActiveCfg = Debug|Win32
		{2044670A-1E82-4191-ABAA-618C57097814}.Debug|x86.Build.0 = Debug|Win32
		{2044670A-1E82-4191-ABAA-618C57097814}.Release|x64.ActiveCfg = Release|x64
		{2044670A-1E82-4191-ABAA-618C57097814}.Release|x64.Build.0 = Release|x64
		{2044670A-1E82-4191-ABAA-618C57097814}.Release|x86.ActiveCfg = Release|Win32
		{2044670A-1E82-4191-ABAA-618C57097814}.Release|x86.Build.0 = Release|Win32
		{F1E42104-7644-4706-883B-717E33790351}.Debug|x64.ActiveCfg = Debug|x64
		{F1E42104-7644-4706-883B-717E33790351}.Debug|x64.Build.0 = Debug|x64
		{F1E42104-7644-4706-883B-717E33790351}.Debug|x86.ActiveCfg = Debug|Win32
		{F1E42104-7644-4706-883B-717E33790351}.Debug|x86.Build.0 = Debug|Win32
		{F1E42104-7644-4706-883B-717E33790351}.Release|x64.ActiveCfg = Release|x64
		{F1E42104-7644-4706-883B-717E33790351}.Release|x64.Build.0 = Release|x64
		{F1E42104-7644-4706-883B-717E33790351}.Release|x86.ActiveCfg = Release|Win32
		{F1E42104-7644-4706-883B-717E33790351}.Release|x86.Build.0 = Release|Win32
		{7852AD5A-C35F-428D-A439-FE4B56C7D845}.Debug|x64.ActiveCfg = Debug|x64
		{7852AD5A-C35F-428D-A439-FE4B56C7D845}.Debug|x64.Build.0 = Debug|x64
		{7852AD5A-C35F-428D-A439-FE4B56C7D845}.Debug|x86.ActiveCfg = Debug|Win32
		{7852AD5A-C35F-428D-A439-FE4B56C7D845}.Debug|x86.Build.0 = Debug|Win32
		{7852AD5A-C35F-428D-A439-FE4B56C7D845}.Release|x64.ActiveCfg = Release|x64
		{7852AD5A-C35F-428D-A439-FE4B56C7D845}.Release|x64.Build.0 = Release|x64
		{7852AD5A-C35F-428D-A439-FE4B56C7D845}.Release|x86.ActiveCfg = Release|Win32
		{7852AD5A-C35F-428D-A439-FE4B56C7D845}.Release|x86.Build.0 = Release|Win32
		{0AC95650-C47F-4E8A-AE61-925D414A8598}.Debug|x64.ActiveCfg = Debug|x64
		{0AC95650-C47F-4E8A-AE61-925D414A8598}.Debug|x64.Build.0 = Debug|x64
		{0AC95650-C47F-4E8A-AE61-925D414A8598}.Debug|x86.ActiveCfg = Debug|Win32
		{0AC95650-C47F-4E8A-AE61-925D414A8598}.Debug|x86.Build.0 = Debug|Win32
		{0AC95650-C47F-4E8A-AE61-925D414A8598}.Release|x64.ActiveCfg = Release|x64
		{0AC95650-C47F-4E8A-AE61-925D414A8598}.Release|x64.Build.0 = Release|x64
		{0AC95650-C47F-4E8A-AE61-925D414A8598}.Release|x86.ActiveCfg = Release|Win32
		{0AC95650-C47F-4E8A-AE61-925D414A8598}.Release|x86.Build.0 = Release|Win32
		{115247D4-D881-4EF7-A567-F301EE992F98}.Debug|x64.ActiveCfg = Debug|x64
		{115247D4-D881-4EF7-A567-F301EE992F98}.Debug|x64.Build.0 = Debug|x64
		{115247D4-D881-4EF7-A567-F301EE992F98}.Debug|x86.ActiveCfg = Debug|Win32
		{115247D4-D881-4EF7-A567-F301EE992F98}.Debug|x86.Build.0 = Debug|Win32
		{115247D4-D881-4EF7-A567-F301EE992F98}.Release|x64.ActiveCfg = Release|x64
		{115247D4-D881-4EF7-A567-F301EE992F98}.Release|x64.Build.0 = Release|x64
		{115247D4-D881-4EF7-A567-F301EE992F98}.Release|x86.ActiveCfg = Release|Win32
		{115247D4-D881-4EF7-A567-F301EE992F98}.Release|x86.Build.0 = Release|Win32
		{471992A1-E904-4B6D-8A8B-C5D05EE07FE8}.Debug|x64.ActiveCfg = Debug|x64
		{471992A1-E904-4B6D-8A8B-C5D05EE07FE8}.Debug|x64.Build.0 = Debug|x64
		{471992A1-E904-4B6D-8A8B-C5D05EE07FE8}.Debug|x86.ActiveCfg = Debug|Win32
		{471992A1-E904-4B6D-8A8B-C5D05EE07FE8}.Debug|x86.Build.0 = Debug|Win32
		{471992A1-E904-4B6D-8A8B-C5D05EE07FE8}.Release|x64.ActiveCfg = Release|x64
		{471992A1-E904-4B6D-8A8B-C5D05EE07FE8}.Release|x64.Build.0 = Release|x64
		{471992A1-E904-4B6D-8A8B-C5D05EE07FE8}.Release|x86.ActiveCfg = Release|Win32
		{471992A1-E904-4B6D-8A8B-C5D05EE07FE8}.Release|x86.Build.0 = Release|Win32
		{DA83CC77-3EC6-4EE7-ACFF-36B1B366418F}.Debug|x64.ActiveCfg = Debug|x64
		{DA83CC77-3EC6-4EE7-ACFF-36B1B366418F}.Debug|x64.Build.0 = Debug|x64
		{DA83CC77-3EC6-4EE7-ACFF-36B1B366418F}.Debug|x86.ActiveCfg = Debug|Win32
		{DA83CC77-3EC6-4EE7-ACFF-36B1B366418F}.Debug|x86.Build.0 = Debug|Win32
		{DA83CC77-3EC6-4EE7-ACFF-36B1B366418F}.Release|x64.ActiveCfg = Release|x64
		{DA83CC77-3EC6-4EE7-ACFF-36B1B366418F}.Release|x64.Build.0 = Release|x64
		{DA83CC77-3EC6-4EE7-ACFF-36B1B366418F}.Release|x86.ActiveCfg = Release|Win32
		{DA83CC77-3EC6-4EE7-ACFF-36B1B366418F}.Release|x86.Build.0 = Release|Win32
		{08E80C1B-DD9A-4D31-9E86-853C5B016F4E}.Debug|x64.ActiveCfg = Debug|x64
		{08E80C1B-DD9A-4D31-9E86-853C5B016F4E}.Debug|x64.Build.0 = Debug|x64
		{08E80C1B-DD9A-4D31-9E86-853C5B016F4E}.Debug|x86.ActiveCfg = Debug|Win32
		{08E80C1B-DD9A-4D31-9E86-853C5B016F4E}.Debug|x86.Build.0 = Debug|Win32
		{08E80C1B-DD9A-4D31-9E86-853C5B016F4E}.Release|x64.ActiveCfg = Release|x64
		{08E80C1B-DD9A-4D31-9E86-853C5B016F4E}.Release|x64.Build.0 = Release|x64
		{08E80C1B-DD9A-4D31-9E86-853C5B016F4E}.Release|x86.ActiveCfg = Release|Win32
		{08E80C1B-DD9A-4D31-9E86-853C5B016F4E}.Release|x86.Build.0 = Release|Win32
	EndGlobalSection
	GlobalSection(SolutionProperties) = preSolution
		HideSolutionNode = FALSE
	EndGlobalSection
	GlobalSection(ExtensibilityGlobals) = postSolution
		SolutionGuid = {DE9FA86B-3CEE-4E04-A66A-4BD937C8C13E}
	EndGlobalSection
EndGlobal
