
Microsoft Visual Studio Solution File, Format Version 12.00
# Visual Studio 15
VisualStudioVersion = 15.0.27428.2027
MinimumVisualStudioVersion = 10.0.40219.1
Project("{8BC9CEB8-8B4A-11D0-8D11-00A0C91BC942}") = "Drill", "Drill\Drill.vcxproj", "{3090BEBB-8A6A-498A-AA4E-698D6BE087A9}"
EndProject
Project("{8BC9CEB8-8B4A-11D0-8D11-00A0C91BC942}") = "Exercise 02", "Exercise 02\Exercise 02.vcxproj", "{2DA37078-D6A7-4BD9-901E-9898197241FA}"
EndProject
Project("{8BC9CEB8-8B4A-11D0-8D11-00A0C91BC942}") = "Exercise 03", "Exercise 03\Exercise 03.vcxproj", "{73725AC9-8863-4E24-92CD-7C174FC6BB2C}"
EndProject
Project("{8BC9CEB8-8B4A-11D0-8D11-00A0C91BC942}") = "Exercise 04", "Exercise 04\Exercise 04.vcxproj", "{EFFA2920-8885-4299-A640-D380C62D26CD}"
EndProject
Global
	GlobalSection(SolutionConfigurationPlatforms) = preSolution
		Debug|x64 = Debug|x64
		Debug|x86 = Debug|x86
		Release|x64 = Release|x64
		Release|x86 = Release|x86
	EndGlobalSection
	GlobalSection(ProjectConfigurationPlatforms) = postSolution
		{3090BEBB-8A6A-498A-AA4E-698D6BE087A9}.Debug|x64.ActiveCfg = Debug|x64
		{3090BEBB-8A6A-498A-AA4E-698D6BE087A9}.Debug|x64.Build.0 = Debug|x64
		{3090BEBB-8A6A-498A-AA4E-698D6BE087A9}.Debug|x86.ActiveCfg = Debug|Win32
		{3090BEBB-8A6A-498A-AA4E-698D6BE087A9}.Debug|x86.Build.0 = Debug|Win32
		{3090BEBB-8A6A-498A-AA4E-698D6BE087A9}.Release|x64.ActiveCfg = Release|x64
		{3090BEBB-8A6A-498A-AA4E-698D6BE087A9}.Release|x64.Build.0 = Release|x64
		{3090BEBB-8A6A-498A-AA4E-698D6BE087A9}.Release|x86.ActiveCfg = Release|Win32
		{3090BEBB-8A6A-498A-AA4E-698D6BE087A9}.Release|x86.Build.0 = Release|Win32
		{2DA37078-D6A7-4BD9-901E-9898197241FA}.Debug|x64.ActiveCfg = Debug|x64
		{2DA37078-D6A7-4BD9-901E-9898197241FA}.Debug|x64.Build.0 = Debug|x64
		{2DA37078-D6A7-4BD9-901E-9898197241FA}.Debug|x86.ActiveCfg = Debug|Win32
		{2DA37078-D6A7-4BD9-901E-9898197241FA}.Debug|x86.Build.0 = Debug|Win32
		{2DA37078-D6A7-4BD9-901E-9898197241FA}.Release|x64.ActiveCfg = Release|x64
		{2DA37078-D6A7-4BD9-901E-9898197241FA}.Release|x64.Build.0 = Release|x64
		{2DA37078-D6A7-4BD9-901E-9898197241FA}.Release|x86.ActiveCfg = Release|Win32
		{2DA37078-D6A7-4BD9-901E-9898197241FA}.Release|x86.Build.0 = Release|Win32
		{73725AC9-8863-4E24-92CD-7C174FC6BB2C}.Debug|x64.ActiveCfg = Debug|x64
		{73725AC9-8863-4E24-92CD-7C174FC6BB2C}.Debug|x64.Build.0 = Debug|x64
		{73725AC9-8863-4E24-92CD-7C174FC6BB2C}.Debug|x86.ActiveCfg = Debug|Win32
		{73725AC9-8863-4E24-92CD-7C174FC6BB2C}.Debug|x86.Build.0 = Debug|Win32
		{73725AC9-8863-4E24-92CD-7C174FC6BB2C}.Release|x64.ActiveCfg = Release|x64
		{73725AC9-8863-4E24-92CD-7C174FC6BB2C}.Release|x64.Build.0 = Release|x64
		{73725AC9-8863-4E24-92CD-7C174FC6BB2C}.Release|x86.ActiveCfg = Release|Win32
		{73725AC9-8863-4E24-92CD-7C174FC6BB2C}.Release|x86.Build.0 = Release|Win32
		{EFFA2920-8885-4299-A640-D380C62D26CD}.Debug|x64.ActiveCfg = Debug|x64
		{EFFA2920-8885-4299-A640-D380C62D26CD}.Debug|x64.Build.0 = Debug|x64
		{EFFA2920-8885-4299-A640-D380C62D26CD}.Debug|x86.ActiveCfg = Debug|Win32
		{EFFA2920-8885-4299-A640-D380C62D26CD}.Debug|x86.Build.0 = Debug|Win32
		{EFFA2920-8885-4299-A640-D380C62D26CD}.Release|x64.ActiveCfg = Release|x64
		{EFFA2920-8885-4299-A640-D380C62D26CD}.Release|x64.Build.0 = Release|x64
		{EFFA2920-8885-4299-A640-D380C62D26CD}.Release|x86.ActiveCfg = Release|Win32
		{EFFA2920-8885-4299-A640-D380C62D26CD}.Release|x86.Build.0 = Release|Win32
	EndGlobalSection
	GlobalSection(SolutionProperties) = preSolution
		HideSolutionNode = FALSE
	EndGlobalSection
	GlobalSection(ExtensibilityGlobals) = postSolution
		SolutionGuid = {011BB55F-0E3F-41E3-A55A-772C90CC3EFA}
	EndGlobalSection
EndGlobal
