
Microsoft Visual Studio Solution File, Format Version 12.00
# Visual Studio 15
VisualStudioVersion = 15.0.27428.2027
MinimumVisualStudioVersion = 10.0.40219.1
Project("{8BC9CEB8-8B4A-11D0-8D11-00A0C91BC942}") = "Drill", "Drill\Drill.vcxproj", "{3090BEBB-8A6A-498A-AA4E-698D6BE087A9}"
EndProject
Project("{8BC9CEB8-8B4A-11D0-8D11-00A0C91BC942}") = "Exercise 02", "Exercise 02\Exercise 02.vcxproj", "{2DA37078-D6A7-4BD9-901E-9898197241FA}"
EndProject
Project("{8BC9CEB8-8B4A-11D0-8D11-00A0C91BC942}") = "Exercise 03", "Exercise 03\Exercise 03.vcxproj", "{73725AC9-8863-4E24-92CD-7C174FC6BB2C}"
EndProject
Project("{8BC9CEB8-8B4A-11D0-8D11-00A0C91BC942}") = "Exercise 04", "Exercise 04\Exercise 04.vcxproj", "{EFCCA668-2C8D-4059-87B7-0590119FA214}"
EndProject
Project("{8BC9CEB8-8B4A-11D0-8D11-00A0C91BC942}") = "Exercise 05", "Exercise 05\Exercise 05.vcxproj", "{AE68EF19-DAE0-4934-AA49-7452AB1F374E}"
EndProject
Project("{8BC9CEB8-8B4A-11D0-8D11-00A0C91BC942}") = "Exercise 06", "Exercise 06\Exercise 06.vcxproj", "{4E477F8F-67F6-406E-B890-BC5F38FD4DE1}"
EndProject
Project("{8BC9CEB8-8B4A-11D0-8D11-00A0C91BC942}") = "Exercise 07", "Exercise 07\Exercise 07.vcxproj", "{49E87DC0-C59A-4B79-B48C-5FFC4118CF2F}"
EndProject
Project("{8BC9CEB8-8B4A-11D0-8D11-00A0C91BC942}") = "Exercise 08", "Exercise 08\Exercise 08.vcxproj", "{CD11B1CB-EA36-4E33-9B35-4C1968B05033}"
EndProject
Project("{8BC9CEB8-8B4A-11D0-8D11-00A0C91BC942}") = "Exercise 09", "Exercise 09\Exercise 09.vcxproj", "{45AEE5BA-0576-4BF3-95BC-E4B689740C98}"
EndProject
Project("{8BC9CEB8-8B4A-11D0-8D11-00A0C91BC942}") = "Exercise 10", "Exercise 10\Exercise 10.vcxproj", "{03D0A76C-9290-4419-A81C-2438D3ED7768}"
EndProject
Project("{8BC9CEB8-8B4A-11D0-8D11-00A0C91BC942}") = "Exercise 11", "Exercise 11\Exercise 11.vcxproj", "{4074B683-4D56-426E-91F2-9E082EC07A92}"
EndProject
Global
	GlobalSection(SolutionConfigurationPlatforms) = preSolution
		Debug|x64 = Debug|x64
		Debug|x86 = Debug|x86
		Release|x64 = Release|x64
		Release|x86 = Release|x86
	EndGlobalSection
	GlobalSection(ProjectConfigurationPlatforms) = postSolution
		{3090BEBB-8A6A-498A-AA4E-698D6BE087A9}.Debug|x64.ActiveCfg = Debug|x64
		{3090BEBB-8A6A-498A-AA4E-698D6BE087A9}.Debug|x64.Build.0 = Debug|x64
		{3090BEBB-8A6A-498A-AA4E-698D6BE087A9}.Debug|x86.ActiveCfg = Debug|Win32
		{3090BEBB-8A6A-498A-AA4E-698D6BE087A9}.Debug|x86.Build.0 = Debug|Win32
		{3090BEBB-8A6A-498A-AA4E-698D6BE087A9}.Release|x64.ActiveCfg = Release|x64
		{3090BEBB-8A6A-498A-AA4E-698D6BE087A9}.Release|x64.Build.0 = Release|x64
		{3090BEBB-8A6A-498A-AA4E-698D6BE087A9}.Release|x86.ActiveCfg = Release|Win32
		{3090BEBB-8A6A-498A-AA4E-698D6BE087A9}.Release|x86.Build.0 = Release|Win32
		{2DA37078-D6A7-4BD9-901E-9898197241FA}.Debug|x64.ActiveCfg = Debug|x64
		{2DA37078-D6A7-4BD9-901E-9898197241FA}.Debug|x64.Build.0 = Debug|x64
		{2DA37078-D6A7-4BD9-901E-9898197241FA}.Debug|x86.ActiveCfg = Debug|Win32
		{2DA37078-D6A7-4BD9-901E-9898197241FA}.Debug|x86.Build.0 = Debug|Win32
		{2DA37078-D6A7-4BD9-901E-9898197241FA}.Release|x64.ActiveCfg = Release|x64
		{2DA37078-D6A7-4BD9-901E-9898197241FA}.Release|x64.Build.0 = Release|x64
		{2DA37078-D6A7-4BD9-901E-9898197241FA}.Release|x86.ActiveCfg = Release|Win32
		{2DA37078-D6A7-4BD9-901E-9898197241FA}.Release|x86.Build.0 = Release|Win32
		{73725AC9-8863-4E24-92CD-7C174FC6BB2C}.Debug|x64.ActiveCfg = Debug|x64
		{73725AC9-8863-4E24-92CD-7C174FC6BB2C}.Debug|x64.Build.0 = Debug|x64
		{73725AC9-8863-4E24-92CD-7C174FC6BB2C}.Debug|x86.ActiveCfg = Debug|Win32
		{73725AC9-8863-4E24-92CD-7C174FC6BB2C}.Debug|x86.Build.0 = Debug|Win32
		{73725AC9-8863-4E24-92CD-7C174FC6BB2C}.Release|x64.ActiveCfg = Release|x64
		{73725AC9-8863-4E24-92CD-7C174FC6BB2C}.Release|x64.Build.0 = Release|x64
		{73725AC9-8863-4E24-92CD-7C174FC6BB2C}.Release|x86.ActiveCfg = Release|Win32
		{73725AC9-8863-4E24-92CD-7C174FC6BB2C}.Release|x86.Build.0 = Release|Win32
		{EFCCA668-2C8D-4059-87B7-0590119FA214}.Debug|x64.ActiveCfg = Debug|x64
		{EFCCA668-2C8D-4059-87B7-0590119FA214}.Debug|x64.Build.0 = Debug|x64
		{EFCCA668-2C8D-4059-87B7-0590119FA214}.Debug|x86.ActiveCfg = Debug|Win32
		{EFCCA668-2C8D-4059-87B7-0590119FA214}.Debug|x86.Build.0 = Debug|Win32
		{EFCCA668-2C8D-4059-87B7-0590119FA214}.Release|x64.ActiveCfg = Release|x64
		{EFCCA668-2C8D-4059-87B7-0590119FA214}.Release|x64.Build.0 = Release|x64
		{EFCCA668-2C8D-4059-87B7-0590119FA214}.Release|x86.ActiveCfg = Release|Win32
		{EFCCA668-2C8D-4059-87B7-0590119FA214}.Release|x86.Build.0 = Release|Win32
		{AE68EF19-DAE0-4934-AA49-7452AB1F374E}.Debug|x64.ActiveCfg = Debug|x64
		{AE68EF19-DAE0-4934-AA49-7452AB1F374E}.Debug|x64.Build.0 = Debug|x64
		{AE68EF19-DAE0-4934-AA49-7452AB1F374E}.Debug|x86.ActiveCfg = Debug|Win32
		{AE68EF19-DAE0-4934-AA49-7452AB1F374E}.Debug|x86.Build.0 = Debug|Win32
		{AE68EF19-DAE0-4934-AA49-7452AB1F374E}.Release|x64.ActiveCfg = Release|x64
		{AE68EF19-DAE0-4934-AA49-7452AB1F374E}.Release|x64.Build.0 = Release|x64
		{AE68EF19-DAE0-4934-AA49-7452AB1F374E}.Release|x86.ActiveCfg = Release|Win32
		{AE68EF19-DAE0-4934-AA49-7452AB1F374E}.Release|x86.Build.0 = Release|Win32
		{4E477F8F-67F6-406E-B890-BC5F38FD4DE1}.Debug|x64.ActiveCfg = Debug|x64
		{4E477F8F-67F6-406E-B890-BC5F38FD4DE1}.Debug|x64.Build.0 = Debug|x64
		{4E477F8F-67F6-406E-B890-BC5F38FD4DE1}.Debug|x86.ActiveCfg = Debug|Win32
		{4E477F8F-67F6-406E-B890-BC5F38FD4DE1}.Debug|x86.Build.0 = Debug|Win32
		{4E477F8F-67F6-406E-B890-BC5F38FD4DE1}.Release|x64.ActiveCfg = Release|x64
		{4E477F8F-67F6-406E-B890-BC5F38FD4DE1}.Release|x64.Build.0 = Release|x64
		{4E477F8F-67F6-406E-B890-BC5F38FD4DE1}.Release|x86.ActiveCfg = Release|Win32
		{4E477F8F-67F6-406E-B890-BC5F38FD4DE1}.Release|x86.Build.0 = Release|Win32
		{49E87DC0-C59A-4B79-B48C-5FFC4118CF2F}.Debug|x64.ActiveCfg = Debug|x64
		{49E87DC0-C59A-4B79-B48C-5FFC4118CF2F}.Debug|x64.Build.0 = Debug|x64
		{49E87DC0-C59A-4B79-B48C-5FFC4118CF2F}.Debug|x86.ActiveCfg = Debug|Win32
		{49E87DC0-C59A-4B79-B48C-5FFC4118CF2F}.Debug|x86.Build.0 = Debug|Win32
		{49E87DC0-C59A-4B79-B48C-5FFC4118CF2F}.Release|x64.ActiveCfg = Release|x64
		{49E87DC0-C59A-4B79-B48C-5FFC4118CF2F}.Release|x64.Build.0 = Release|x64
		{49E87DC0-C59A-4B79-B48C-5FFC4118CF2F}.Release|x86.ActiveCfg = Release|Win32
		{49E87DC0-C59A-4B79-B48C-5FFC4118CF2F}.Release|x86.Build.0 = Release|Win32
		{CD11B1CB-EA36-4E33-9B35-4C1968B05033}.Debug|x64.ActiveCfg = Debug|x64
		{CD11B1CB-EA36-4E33-9B35-4C1968B05033}.Debug|x64.Build.0 = Debug|x64
		{CD11B1CB-EA36-4E33-9B35-4C1968B05033}.Debug|x86.ActiveCfg = Debug|Win32
		{CD11B1CB-EA36-4E33-9B35-4C1968B05033}.Debug|x86.Build.0 = Debug|Win32
		{CD11B1CB-EA36-4E33-9B35-4C1968B05033}.Release|x64.ActiveCfg = Release|x64
		{CD11B1CB-EA36-4E33-9B35-4C1968B05033}.Release|x64.Build.0 = Release|x64
		{CD11B1CB-EA36-4E33-9B35-4C1968B05033}.Release|x86.ActiveCfg = Release|Win32
		{CD11B1CB-EA36-4E33-9B35-4C1968B05033}.Release|x86.Build.0 = Release|Win32
		{45AEE5BA-0576-4BF3-95BC-E4B689740C98}.Debug|x64.ActiveCfg = Debug|x64
		{45AEE5BA-0576-4BF3-95BC-E4B689740C98}.Debug|x64.Build.0 = Debug|x64
		{45AEE5BA-0576-4BF3-95BC-E4B689740C98}.Debug|x86.ActiveCfg = Debug|Win32
		{45AEE5BA-0576-4BF3-95BC-E4B689740C98}.Debug|x86.Build.0 = Debug|Win32
		{45AEE5BA-0576-4BF3-95BC-E4B689740C98}.Release|x64.ActiveCfg = Release|x64
		{45AEE5BA-0576-4BF3-95BC-E4B689740C98}.Release|x64.Build.0 = Release|x64
		{45AEE5BA-0576-4BF3-95BC-E4B689740C98}.Release|x86.ActiveCfg = Release|Win32
		{45AEE5BA-0576-4BF3-95BC-E4B689740C98}.Release|x86.Build.0 = Release|Win32
		{03D0A76C-9290-4419-A81C-2438D3ED7768}.Debug|x64.ActiveCfg = Debug|x64
		{03D0A76C-9290-4419-A81C-2438D3ED7768}.Debug|x64.Build.0 = Debug|x64
		{03D0A76C-9290-4419-A81C-2438D3ED7768}.Debug|x86.ActiveCfg = Debug|Win32
		{03D0A76C-9290-4419-A81C-2438D3ED7768}.Debug|x86.Build.0 = Debug|Win32
		{03D0A76C-9290-4419-A81C-2438D3ED7768}.Release|x64.ActiveCfg = Release|x64
		{03D0A76C-9290-4419-A81C-2438D3ED7768}.Release|x64.Build.0 = Release|x64
		{03D0A76C-9290-4419-A81C-2438D3ED7768}.Release|x86.ActiveCfg = Release|Win32
		{03D0A76C-9290-4419-A81C-2438D3ED7768}.Release|x86.Build.0 = Release|Win32
		{4074B683-4D56-426E-91F2-9E082EC07A92}.Debug|x64.ActiveCfg = Debug|x64
		{4074B683-4D56-426E-91F2-9E082EC07A92}.Debug|x64.Build.0 = Debug|x64
		{4074B683-4D56-426E-91F2-9E082EC07A92}.Debug|x86.ActiveCfg = Debug|Win32
		{4074B683-4D56-426E-91F2-9E082EC07A92}.Debug|x86.Build.0 = Debug|Win32
		{4074B683-4D56-426E-91F2-9E082EC07A92}.Release|x64.ActiveCfg = Release|x64
		{4074B683-4D56-426E-91F2-9E082EC07A92}.Release|x64.Build.0 = Release|x64
		{4074B683-4D56-426E-91F2-9E082EC07A92}.Release|x86.ActiveCfg = Release|Win32
		{4074B683-4D56-426E-91F2-9E082EC07A92}.Release|x86.Build.0 = Release|Win32
	EndGlobalSection
	GlobalSection(SolutionProperties) = preSolution
		HideSolutionNode = FALSE
	EndGlobalSection
	GlobalSection(ExtensibilityGlobals) = postSolution
		SolutionGuid = {011BB55F-0E3F-41E3-A55A-772C90CC3EFA}
	EndGlobalSection
EndGlobal
