
Microsoft Visual Studio Solution File, Format Version 12.00
# Visual Studio 15
VisualStudioVersion = 15.0.27703.2026
MinimumVisualStudioVersion = 10.0.40219.1
Project("{8BC9CEB8-8B4A-11D0-8D11-00A0C91BC942}") = "Drill", "Drill\Drill.vcxproj", "{4F64566A-4345-46CF-A27E-40496620F0C1}"
EndProject
Project("{8BC9CEB8-8B4A-11D0-8D11-00A0C91BC942}") = "Drill 01", "Drill 01\Drill 01.vcxproj", "{139CCB7F-3741-4BDE-8BBE-6483052EB171}"
EndProject
Project("{8BC9CEB8-8B4A-11D0-8D11-00A0C91BC942}") = "Drill 02", "Drill 02\Drill 02.vcxproj", "{7C7D5118-11BD-45A7-A6C4-79FACCE2F8B9}"
EndProject
Project("{8BC9CEB8-8B4A-11D0-8D11-00A0C91BC942}") = "Drill 05", "Drill 05\Drill 05.vcxproj", "{54BC9A72-2DEF-4D49-B528-E473A3F0E931}"
EndProject
Project("{8BC9CEB8-8B4A-11D0-8D11-00A0C91BC942}") = "Drill 06", "Drill 06\Drill 06.vcxproj", "{3725930B-6D05-4F42-B0F0-EEC1A95C4F62}"
EndProject
Project("{8BC9CEB8-8B4A-11D0-8D11-00A0C91BC942}") = "Drill 07", "Drill 07\Drill 07.vcxproj", "{5C318B8D-7020-4CED-B000-0BFD3D08F51D}"
EndProject
Project("{8BC9CEB8-8B4A-11D0-8D11-00A0C91BC942}") = "Drill 09", "Drill 09\Drill 09.vcxproj", "{0CD6EFD6-17F0-4221-9678-D0F9F2B9E7EA}"
EndProject
Project("{8BC9CEB8-8B4A-11D0-8D11-00A0C91BC942}") = "Drill 10", "Drill 10\Drill 10.vcxproj", "{227BE7A7-6235-441C-B493-7563834F038E}"
EndProject
Project("{8BC9CEB8-8B4A-11D0-8D11-00A0C91BC942}") = "Drill 11", "Drill 11\Drill 11.vcxproj", "{6C142891-43DC-45A9-A7BB-7B8DE5365678}"
EndProject
Global
	GlobalSection(SolutionConfigurationPlatforms) = preSolution
		Debug|x64 = Debug|x64
		Debug|x86 = Debug|x86
		Release|x64 = Release|x64
		Release|x86 = Release|x86
	EndGlobalSection
	GlobalSection(ProjectConfigurationPlatforms) = postSolution
		{4F64566A-4345-46CF-A27E-40496620F0C1}.Debug|x64.ActiveCfg = Debug|x64
		{4F64566A-4345-46CF-A27E-40496620F0C1}.Debug|x64.Build.0 = Debug|x64
		{4F64566A-4345-46CF-A27E-40496620F0C1}.Debug|x86.ActiveCfg = Debug|Win32
		{4F64566A-4345-46CF-A27E-40496620F0C1}.Debug|x86.Build.0 = Debug|Win32
		{4F64566A-4345-46CF-A27E-40496620F0C1}.Release|x64.ActiveCfg = Release|x64
		{4F64566A-4345-46CF-A27E-40496620F0C1}.Release|x64.Build.0 = Release|x64
		{4F64566A-4345-46CF-A27E-40496620F0C1}.Release|x86.ActiveCfg = Release|Win32
		{4F64566A-4345-46CF-A27E-40496620F0C1}.Release|x86.Build.0 = Release|Win32
		{139CCB7F-3741-4BDE-8BBE-6483052EB171}.Debug|x64.ActiveCfg = Debug|x64
		{139CCB7F-3741-4BDE-8BBE-6483052EB171}.Debug|x64.Build.0 = Debug|x64
		{139CCB7F-3741-4BDE-8BBE-6483052EB171}.Debug|x86.ActiveCfg = Debug|Win32
		{139CCB7F-3741-4BDE-8BBE-6483052EB171}.Debug|x86.Build.0 = Debug|Win32
		{139CCB7F-3741-4BDE-8BBE-6483052EB171}.Release|x64.ActiveCfg = Release|x64
		{139CCB7F-3741-4BDE-8BBE-6483052EB171}.Release|x64.Build.0 = Release|x64
		{139CCB7F-3741-4BDE-8BBE-6483052EB171}.Release|x86.ActiveCfg = Release|Win32
		{139CCB7F-3741-4BDE-8BBE-6483052EB171}.Release|x86.Build.0 = Release|Win32
		{7C7D5118-11BD-45A7-A6C4-79FACCE2F8B9}.Debug|x64.ActiveCfg = Debug|x64
		{7C7D5118-11BD-45A7-A6C4-79FACCE2F8B9}.Debug|x64.Build.0 = Debug|x64
		{7C7D5118-11BD-45A7-A6C4-79FACCE2F8B9}.Debug|x86.ActiveCfg = Debug|Win32
		{7C7D5118-11BD-45A7-A6C4-79FACCE2F8B9}.Debug|x86.Build.0 = Debug|Win32
		{7C7D5118-11BD-45A7-A6C4-79FACCE2F8B9}.Release|x64.ActiveCfg = Release|x64
		{7C7D5118-11BD-45A7-A6C4-79FACCE2F8B9}.Release|x64.Build.0 = Release|x64
		{7C7D5118-11BD-45A7-A6C4-79FACCE2F8B9}.Release|x86.ActiveCfg = Release|Win32
		{7C7D5118-11BD-45A7-A6C4-79FACCE2F8B9}.Release|x86.Build.0 = Release|Win32
		{54BC9A72-2DEF-4D49-B528-E473A3F0E931}.Debug|x64.ActiveCfg = Debug|x64
		{54BC9A72-2DEF-4D49-B528-E473A3F0E931}.Debug|x64.Build.0 = Debug|x64
		{54BC9A72-2DEF-4D49-B528-E473A3F0E931}.Debug|x86.ActiveCfg = Debug|Win32
		{54BC9A72-2DEF-4D49-B528-E473A3F0E931}.Debug|x86.Build.0 = Debug|Win32
		{54BC9A72-2DEF-4D49-B528-E473A3F0E931}.Release|x64.ActiveCfg = Release|x64
		{54BC9A72-2DEF-4D49-B528-E473A3F0E931}.Release|x64.Build.0 = Release|x64
		{54BC9A72-2DEF-4D49-B528-E473A3F0E931}.Release|x86.ActiveCfg = Release|Win32
		{54BC9A72-2DEF-4D49-B528-E473A3F0E931}.Release|x86.Build.0 = Release|Win32
		{3725930B-6D05-4F42-B0F0-EEC1A95C4F62}.Debug|x64.ActiveCfg = Debug|x64
		{3725930B-6D05-4F42-B0F0-EEC1A95C4F62}.Debug|x64.Build.0 = Debug|x64
		{3725930B-6D05-4F42-B0F0-EEC1A95C4F62}.Debug|x86.ActiveCfg = Debug|Win32
		{3725930B-6D05-4F42-B0F0-EEC1A95C4F62}.Debug|x86.Build.0 = Debug|Win32
		{3725930B-6D05-4F42-B0F0-EEC1A95C4F62}.Release|x64.ActiveCfg = Release|x64
		{3725930B-6D05-4F42-B0F0-EEC1A95C4F62}.Release|x64.Build.0 = Release|x64
		{3725930B-6D05-4F42-B0F0-EEC1A95C4F62}.Release|x86.ActiveCfg = Release|Win32
		{3725930B-6D05-4F42-B0F0-EEC1A95C4F62}.Release|x86.Build.0 = Release|Win32
		{5C318B8D-7020-4CED-B000-0BFD3D08F51D}.Debug|x64.ActiveCfg = Debug|x64
		{5C318B8D-7020-4CED-B000-0BFD3D08F51D}.Debug|x64.Build.0 = Debug|x64
		{5C318B8D-7020-4CED-B000-0BFD3D08F51D}.Debug|x86.ActiveCfg = Debug|Win32
		{5C318B8D-7020-4CED-B000-0BFD3D08F51D}.Debug|x86.Build.0 = Debug|Win32
		{5C318B8D-7020-4CED-B000-0BFD3D08F51D}.Release|x64.ActiveCfg = Release|x64
		{5C318B8D-7020-4CED-B000-0BFD3D08F51D}.Release|x64.Build.0 = Release|x64
		{5C318B8D-7020-4CED-B000-0BFD3D08F51D}.Release|x86.ActiveCfg = Release|Win32
		{5C318B8D-7020-4CED-B000-0BFD3D08F51D}.Release|x86.Build.0 = Release|Win32
		{0CD6EFD6-17F0-4221-9678-D0F9F2B9E7EA}.Debug|x64.ActiveCfg = Debug|x64
		{0CD6EFD6-17F0-4221-9678-D0F9F2B9E7EA}.Debug|x64.Build.0 = Debug|x64
		{0CD6EFD6-17F0-4221-9678-D0F9F2B9E7EA}.Debug|x86.ActiveCfg = Debug|Win32
		{0CD6EFD6-17F0-4221-9678-D0F9F2B9E7EA}.Debug|x86.Build.0 = Debug|Win32
		{0CD6EFD6-17F0-4221-9678-D0F9F2B9E7EA}.Release|x64.ActiveCfg = Release|x64
		{0CD6EFD6-17F0-4221-9678-D0F9F2B9E7EA}.Release|x64.Build.0 = Release|x64
		{0CD6EFD6-17F0-4221-9678-D0F9F2B9E7EA}.Release|x86.ActiveCfg = Release|Win32
		{0CD6EFD6-17F0-4221-9678-D0F9F2B9E7EA}.Release|x86.Build.0 = Release|Win32
		{227BE7A7-6235-441C-B493-7563834F038E}.Debug|x64.ActiveCfg = Debug|x64
		{227BE7A7-6235-441C-B493-7563834F038E}.Debug|x64.Build.0 = Debug|x64
		{227BE7A7-6235-441C-B493-7563834F038E}.Debug|x86.ActiveCfg = Debug|Win32
		{227BE7A7-6235-441C-B493-7563834F038E}.Debug|x86.Build.0 = Debug|Win32
		{227BE7A7-6235-441C-B493-7563834F038E}.Release|x64.ActiveCfg = Release|x64
		{227BE7A7-6235-441C-B493-7563834F038E}.Release|x64.Build.0 = Release|x64
		{227BE7A7-6235-441C-B493-7563834F038E}.Release|x86.ActiveCfg = Release|Win32
		{227BE7A7-6235-441C-B493-7563834F038E}.Release|x86.Build.0 = Release|Win32
		{6C142891-43DC-45A9-A7BB-7B8DE5365678}.Debug|x64.ActiveCfg = Debug|x64
		{6C142891-43DC-45A9-A7BB-7B8DE5365678}.Debug|x64.Build.0 = Debug|x64
		{6C142891-43DC-45A9-A7BB-7B8DE5365678}.Debug|x86.ActiveCfg = Debug|Win32
		{6C142891-43DC-45A9-A7BB-7B8DE5365678}.Debug|x86.Build.0 = Debug|Win32
		{6C142891-43DC-45A9-A7BB-7B8DE5365678}.Release|x64.ActiveCfg = Release|x64
		{6C142891-43DC-45A9-A7BB-7B8DE5365678}.Release|x64.Build.0 = Release|x64
		{6C142891-43DC-45A9-A7BB-7B8DE5365678}.Release|x86.ActiveCfg = Release|Win32
		{6C142891-43DC-45A9-A7BB-7B8DE5365678}.Release|x86.Build.0 = Release|Win32
	EndGlobalSection
	GlobalSection(SolutionProperties) = preSolution
		HideSolutionNode = FALSE
	EndGlobalSection
	GlobalSection(ExtensibilityGlobals) = postSolution
		SolutionGuid = {DA66EEC8-A3F6-4504-B03E-6F51ABD766F8}
	EndGlobalSection
EndGlobal
