
Microsoft Visual Studio Solution File, Format Version 12.00
# Visual Studio 15
VisualStudioVersion = 15.0.27428.2043
MinimumVisualStudioVersion = 10.0.40219.1
Project("{8BC9CEB8-8B4A-11D0-8D11-00A0C91BC942}") = "Try This", "Try This\Try This.vcxproj", "{29BA71E7-8DB4-4D0F-94F6-D30D51ABBA28}"
EndProject
Project("{8BC9CEB8-8B4A-11D0-8D11-00A0C91BC942}") = "Drill", "Drill\Drill.vcxproj", "{A2978E44-77B2-40A9-9AB4-D8D481D3F72D}"
EndProject
Global
	GlobalSection(SolutionConfigurationPlatforms) = preSolution
		Debug|x64 = Debug|x64
		Debug|x86 = Debug|x86
		Release|x64 = Release|x64
		Release|x86 = Release|x86
	EndGlobalSection
	GlobalSection(ProjectConfigurationPlatforms) = postSolution
		{29BA71E7-8DB4-4D0F-94F6-D30D51ABBA28}.Debug|x64.ActiveCfg = Debug|x64
		{29BA71E7-8DB4-4D0F-94F6-D30D51ABBA28}.Debug|x64.Build.0 = Debug|x64
		{29BA71E7-8DB4-4D0F-94F6-D30D51ABBA28}.Debug|x86.ActiveCfg = Debug|Win32
		{29BA71E7-8DB4-4D0F-94F6-D30D51ABBA28}.Debug|x86.Build.0 = Debug|Win32
		{29BA71E7-8DB4-4D0F-94F6-D30D51ABBA28}.Release|x64.ActiveCfg = Release|x64
		{29BA71E7-8DB4-4D0F-94F6-D30D51ABBA28}.Release|x64.Build.0 = Release|x64
		{29BA71E7-8DB4-4D0F-94F6-D30D51ABBA28}.Release|x86.ActiveCfg = Release|Win32
		{29BA71E7-8DB4-4D0F-94F6-D30D51ABBA28}.Release|x86.Build.0 = Release|Win32
		{A2978E44-77B2-40A9-9AB4-D8D481D3F72D}.Debug|x64.ActiveCfg = Debug|x64
		{A2978E44-77B2-40A9-9AB4-D8D481D3F72D}.Debug|x64.Build.0 = Debug|x64
		{A2978E44-77B2-40A9-9AB4-D8D481D3F72D}.Debug|x86.ActiveCfg = Debug|Win32
		{A2978E44-77B2-40A9-9AB4-D8D481D3F72D}.Debug|x86.Build.0 = Debug|Win32
		{A2978E44-77B2-40A9-9AB4-D8D481D3F72D}.Release|x64.ActiveCfg = Release|x64
		{A2978E44-77B2-40A9-9AB4-D8D481D3F72D}.Release|x64.Build.0 = Release|x64
		{A2978E44-77B2-40A9-9AB4-D8D481D3F72D}.Release|x86.ActiveCfg = Release|Win32
		{A2978E44-77B2-40A9-9AB4-D8D481D3F72D}.Release|x86.Build.0 = Release|Win32
	EndGlobalSection
	GlobalSection(SolutionProperties) = preSolution
		HideSolutionNode = FALSE
	EndGlobalSection
	GlobalSection(ExtensibilityGlobals) = postSolution
		SolutionGuid = {83EFB372-75F9-453E-8B54-571571D14953}
	EndGlobalSection
EndGlobal
