
Microsoft Visual Studio Solution File, Format Version 12.00
# Visual Studio 15
VisualStudioVersion = 15.0.27428.2043
MinimumVisualStudioVersion = 10.0.40219.1
Project("{8BC9CEB8-8B4A-11D0-8D11-00A0C91BC942}") = "Try This", "Try This\Try This.vcxproj", "{29BA71E7-8DB4-4D0F-94F6-D30D51ABBA28}"
EndProject
Project("{8BC9CEB8-8B4A-11D0-8D11-00A0C91BC942}") = "Drill", "Drill\Drill.vcxproj", "{A2978E44-77B2-40A9-9AB4-D8D481D3F72D}"
EndProject
Project("{8BC9CEB8-8B4A-11D0-8D11-00A0C91BC942}") = "Exercise 02", "Exercise 02\Exercise 02.vcxproj", "{3F45D22E-F403-4872-9DDC-358CE9B3971E}"
EndProject
Project("{8BC9CEB8-8B4A-11D0-8D11-00A0C91BC942}") = "Exercise 03", "Exercise 03\Exercise 03.vcxproj", "{328F67F2-2C84-4F77-8246-FE5FCEF1D1CF}"
EndProject
Project("{8BC9CEB8-8B4A-11D0-8D11-00A0C91BC942}") = "Exercise 04", "Exercise 04\Exercise 04.vcxproj", "{6DD752AC-93C8-40E2-8643-D8CA43E454E3}"
EndProject
Project("{8BC9CEB8-8B4A-11D0-8D11-00A0C91BC942}") = "Exercise 06", "Exercise 06\Exercise 06.vcxproj", "{9CFCF2C0-5AE0-429E-9178-631911B6FF1B}"
EndProject
Project("{8BC9CEB8-8B4A-11D0-8D11-00A0C91BC942}") = "Exercise 08", "Exercise 08\Exercise 08.vcxproj", "{5899F7DB-40F2-484F-8205-D31F241474B1}"
EndProject
Project("{8BC9CEB8-8B4A-11D0-8D11-00A0C91BC942}") = "Exercise 09", "Exercise 09\Exercise 09.vcxproj", "{7F0AF034-C646-4964-8DDE-C623915BE64C}"
EndProject
Global
	GlobalSection(SolutionConfigurationPlatforms) = preSolution
		Debug|x64 = Debug|x64
		Debug|x86 = Debug|x86
		Release|x64 = Release|x64
		Release|x86 = Release|x86
	EndGlobalSection
	GlobalSection(ProjectConfigurationPlatforms) = postSolution
		{29BA71E7-8DB4-4D0F-94F6-D30D51ABBA28}.Debug|x64.ActiveCfg = Debug|x64
		{29BA71E7-8DB4-4D0F-94F6-D30D51ABBA28}.Debug|x64.Build.0 = Debug|x64
		{29BA71E7-8DB4-4D0F-94F6-D30D51ABBA28}.Debug|x86.ActiveCfg = Debug|Win32
		{29BA71E7-8DB4-4D0F-94F6-D30D51ABBA28}.Debug|x86.Build.0 = Debug|Win32
		{29BA71E7-8DB4-4D0F-94F6-D30D51ABBA28}.Release|x64.ActiveCfg = Release|x64
		{29BA71E7-8DB4-4D0F-94F6-D30D51ABBA28}.Release|x64.Build.0 = Release|x64
		{29BA71E7-8DB4-4D0F-94F6-D30D51ABBA28}.Release|x86.ActiveCfg = Release|Win32
		{29BA71E7-8DB4-4D0F-94F6-D30D51ABBA28}.Release|x86.Build.0 = Release|Win32
		{A2978E44-77B2-40A9-9AB4-D8D481D3F72D}.Debug|x64.ActiveCfg = Debug|x64
		{A2978E44-77B2-40A9-9AB4-D8D481D3F72D}.Debug|x64.Build.0 = Debug|x64
		{A2978E44-77B2-40A9-9AB4-D8D481D3F72D}.Debug|x86.ActiveCfg = Debug|Win32
		{A2978E44-77B2-40A9-9AB4-D8D481D3F72D}.Debug|x86.Build.0 = Debug|Win32
		{A2978E44-77B2-40A9-9AB4-D8D481D3F72D}.Release|x64.ActiveCfg = Release|x64
		{A2978E44-77B2-40A9-9AB4-D8D481D3F72D}.Release|x64.Build.0 = Release|x64
		{A2978E44-77B2-40A9-9AB4-D8D481D3F72D}.Release|x86.ActiveCfg = Release|Win32
		{A2978E44-77B2-40A9-9AB4-D8D481D3F72D}.Release|x86.Build.0 = Release|Win32
		{3F45D22E-F403-4872-9DDC-358CE9B3971E}.Debug|x64.ActiveCfg = Debug|x64
		{3F45D22E-F403-4872-9DDC-358CE9B3971E}.Debug|x64.Build.0 = Debug|x64
		{3F45D22E-F403-4872-9DDC-358CE9B3971E}.Debug|x86.ActiveCfg = Debug|Win32
		{3F45D22E-F403-4872-9DDC-358CE9B3971E}.Debug|x86.Build.0 = Debug|Win32
		{3F45D22E-F403-4872-9DDC-358CE9B3971E}.Release|x64.ActiveCfg = Release|x64
		{3F45D22E-F403-4872-9DDC-358CE9B3971E}.Release|x64.Build.0 = Release|x64
		{3F45D22E-F403-4872-9DDC-358CE9B3971E}.Release|x86.ActiveCfg = Release|Win32
		{3F45D22E-F403-4872-9DDC-358CE9B3971E}.Release|x86.Build.0 = Release|Win32
		{328F67F2-2C84-4F77-8246-FE5FCEF1D1CF}.Debug|x64.ActiveCfg = Debug|x64
		{328F67F2-2C84-4F77-8246-FE5FCEF1D1CF}.Debug|x64.Build.0 = Debug|x64
		{328F67F2-2C84-4F77-8246-FE5FCEF1D1CF}.Debug|x86.ActiveCfg = Debug|Win32
		{328F67F2-2C84-4F77-8246-FE5FCEF1D1CF}.Debug|x86.Build.0 = Debug|Win32
		{328F67F2-2C84-4F77-8246-FE5FCEF1D1CF}.Release|x64.ActiveCfg = Release|x64
		{328F67F2-2C84-4F77-8246-FE5FCEF1D1CF}.Release|x64.Build.0 = Release|x64
		{328F67F2-2C84-4F77-8246-FE5FCEF1D1CF}.Release|x86.ActiveCfg = Release|Win32
		{328F67F2-2C84-4F77-8246-FE5FCEF1D1CF}.Release|x86.Build.0 = Release|Win32
		{6DD752AC-93C8-40E2-8643-D8CA43E454E3}.Debug|x64.ActiveCfg = Debug|x64
		{6DD752AC-93C8-40E2-8643-D8CA43E454E3}.Debug|x64.Build.0 = Debug|x64
		{6DD752AC-93C8-40E2-8643-D8CA43E454E3}.Debug|x86.ActiveCfg = Debug|Win32
		{6DD752AC-93C8-40E2-8643-D8CA43E454E3}.Debug|x86.Build.0 = Debug|Win32
		{6DD752AC-93C8-40E2-8643-D8CA43E454E3}.Release|x64.ActiveCfg = Release|x64
		{6DD752AC-93C8-40E2-8643-D8CA43E454E3}.Release|x64.Build.0 = Release|x64
		{6DD752AC-93C8-40E2-8643-D8CA43E454E3}.Release|x86.ActiveCfg = Release|Win32
		{6DD752AC-93C8-40E2-8643-D8CA43E454E3}.Release|x86.Build.0 = Release|Win32
		{9CFCF2C0-5AE0-429E-9178-631911B6FF1B}.Debug|x64.ActiveCfg = Debug|x64
		{9CFCF2C0-5AE0-429E-9178-631911B6FF1B}.Debug|x64.Build.0 = Debug|x64
		{9CFCF2C0-5AE0-429E-9178-631911B6FF1B}.Debug|x86.ActiveCfg = Debug|Win32
		{9CFCF2C0-5AE0-429E-9178-631911B6FF1B}.Debug|x86.Build.0 = Debug|Win32
		{9CFCF2C0-5AE0-429E-9178-631911B6FF1B}.Release|x64.ActiveCfg = Release|x64
		{9CFCF2C0-5AE0-429E-9178-631911B6FF1B}.Release|x64.Build.0 = Release|x64
		{9CFCF2C0-5AE0-429E-9178-631911B6FF1B}.Release|x86.ActiveCfg = Release|Win32
		{9CFCF2C0-5AE0-429E-9178-631911B6FF1B}.Release|x86.Build.0 = Release|Win32
		{5899F7DB-40F2-484F-8205-D31F241474B1}.Debug|x64.ActiveCfg = Debug|x64
		{5899F7DB-40F2-484F-8205-D31F241474B1}.Debug|x64.Build.0 = Debug|x64
		{5899F7DB-40F2-484F-8205-D31F241474B1}.Debug|x86.ActiveCfg = Debug|Win32
		{5899F7DB-40F2-484F-8205-D31F241474B1}.Debug|x86.Build.0 = Debug|Win32
		{5899F7DB-40F2-484F-8205-D31F241474B1}.Release|x64.ActiveCfg = Release|x64
		{5899F7DB-40F2-484F-8205-D31F241474B1}.Release|x64.Build.0 = Release|x64
		{5899F7DB-40F2-484F-8205-D31F241474B1}.Release|x86.ActiveCfg = Release|Win32
		{5899F7DB-40F2-484F-8205-D31F241474B1}.Release|x86.Build.0 = Release|Win32
		{7F0AF034-C646-4964-8DDE-C623915BE64C}.Debug|x64.ActiveCfg = Debug|x64
		{7F0AF034-C646-4964-8DDE-C623915BE64C}.Debug|x64.Build.0 = Debug|x64
		{7F0AF034-C646-4964-8DDE-C623915BE64C}.Debug|x86.ActiveCfg = Debug|Win32
		{7F0AF034-C646-4964-8DDE-C623915BE64C}.Debug|x86.Build.0 = Debug|Win32
		{7F0AF034-C646-4964-8DDE-C623915BE64C}.Release|x64.ActiveCfg = Release|x64
		{7F0AF034-C646-4964-8DDE-C623915BE64C}.Release|x64.Build.0 = Release|x64
		{7F0AF034-C646-4964-8DDE-C623915BE64C}.Release|x86.ActiveCfg = Release|Win32
		{7F0AF034-C646-4964-8DDE-C623915BE64C}.Release|x86.Build.0 = Release|Win32
	EndGlobalSection
	GlobalSection(SolutionProperties) = preSolution
		HideSolutionNode = FALSE
	EndGlobalSection
	GlobalSection(ExtensibilityGlobals) = postSolution
		SolutionGuid = {83EFB372-75F9-453E-8B54-571571D14953}
	EndGlobalSection
EndGlobal
